// !$*UTF8*$!
{
	archiveVersion = 1;
	classes = {
	};
	objectVersion = 50;
	objects = {

/* Begin PBXBuildFile section */
		410AED48226EE51300998F9E /* MapViewController.swift in Sources */ = {isa = PBXBuildFile; fileRef = 410AED47226EE51200998F9E /* MapViewController.swift */; };
		410AED4A226F13A400998F9E /* PlanViewController.swift in Sources */ = {isa = PBXBuildFile; fileRef = 410AED49226F13A400998F9E /* PlanViewController.swift */; };
		4124D20F226C8335001CD1F2 /* LocationInformation.swift in Sources */ = {isa = PBXBuildFile; fileRef = 4124D20E226C8335001CD1F2 /* LocationInformation.swift */; };
		4135DD29229553B000467DD0 /* PlanCityViewController.swift in Sources */ = {isa = PBXBuildFile; fileRef = 4135DD28229553B000467DD0 /* PlanCityViewController.swift */; };
		4135DD2B22955AE600467DD0 /* PlanCityTableViewCell.swift in Sources */ = {isa = PBXBuildFile; fileRef = 4135DD2A22955AE600467DD0 /* PlanCityTableViewCell.swift */; };
		4135DD2D22956F6500467DD0 /* PlanDetailViewController.swift in Sources */ = {isa = PBXBuildFile; fileRef = 4135DD2C22956F6500467DD0 /* PlanDetailViewController.swift */; };
		41469839229BF09E004AB978 /* Tab_UserViewController.swift in Sources */ = {isa = PBXBuildFile; fileRef = 41469838229BF09E004AB978 /* Tab_UserViewController.swift */; };
		415FFF26227020C0003394B3 /* SearchMapTableViewController.swift in Sources */ = {isa = PBXBuildFile; fileRef = 415FFF25227020C0003394B3 /* SearchMapTableViewController.swift */; };
		416391DC229A402600EC9636 /* SelectDestinationViewController.swift in Sources */ = {isa = PBXBuildFile; fileRef = 416391DB229A402600EC9636 /* SelectDestinationViewController.swift */; };
		416391DE229A511700EC9636 /* SelectDestinationTableViewCell.swift in Sources */ = {isa = PBXBuildFile; fileRef = 416391DD229A511700EC9636 /* SelectDestinationTableViewCell.swift */; };
		416AF92E226F1ECE00FF4FF6 /* SmallPlanInformation.swift in Sources */ = {isa = PBXBuildFile; fileRef = 416AF92D226F1ECE00FF4FF6 /* SmallPlanInformation.swift */; };
		416AF930226F21F700FF4FF6 /* TripPlan.swift in Sources */ = {isa = PBXBuildFile; fileRef = 416AF92F226F21F700FF4FF6 /* TripPlan.swift */; };
		416CEB98226F3E6F0039F773 /* PlanTableViewCell.swift in Sources */ = {isa = PBXBuildFile; fileRef = 416CEB97226F3E6F0039F773 /* PlanTableViewCell.swift */; };
		419508DB229CE6E6006C6365 /* DataBaseTestViewController.swift in Sources */ = {isa = PBXBuildFile; fileRef = 419508DA229CE6E6006C6365 /* DataBaseTestViewController.swift */; };
		419DCFEE2296220C00468509 /* PlanDetailStayLengthTableViewCell.swift in Sources */ = {isa = PBXBuildFile; fileRef = 419DCFED2296220C00468509 /* PlanDetailStayLengthTableViewCell.swift */; };
		419DCFF0229622C800468509 /* PlanDetailMapTableViewCell.swift in Sources */ = {isa = PBXBuildFile; fileRef = 419DCFEF229622C800468509 /* PlanDetailMapTableViewCell.swift */; };
		419DCFF2229623FE00468509 /* AttractionDetailTableViewCell.swift in Sources */ = {isa = PBXBuildFile; fileRef = 419DCFF1229623FE00468509 /* AttractionDetailTableViewCell.swift */; };
		41B448B1226C39E600763AE4 /* SelectCityViewController.swift in Sources */ = {isa = PBXBuildFile; fileRef = 41B448B0226C39E600763AE4 /* SelectCityViewController.swift */; };
		41C818DD227D378300ED125D /* Explore_ViewController.swift in Sources */ = {isa = PBXBuildFile; fileRef = 41C818DC227D378300ED125D /* Explore_ViewController.swift */; };
		41D06C8D229809D900A7584C /* MemoViewController.swift in Sources */ = {isa = PBXBuildFile; fileRef = 41D06C8C229809D900A7584C /* MemoViewController.swift */; };
		41DE7A992268846100CB9D79 /* CityGuideInfo.swift in Sources */ = {isa = PBXBuildFile; fileRef = 41DE7A982268846100CB9D79 /* CityGuideInfo.swift */; };
		41E058342277172700BFF264 /* tripDetailViewController.swift in Sources */ = {isa = PBXBuildFile; fileRef = 41E058332277172700BFF264 /* tripDetailViewController.swift */; };
		41E05838227931BC00BFF264 /* AboutViewController.swift in Sources */ = {isa = PBXBuildFile; fileRef = 41E05837227931BC00BFF264 /* AboutViewController.swift */; };
		41FFC1ED227FF33300AED351 /* TripPlanTest.swift in Sources */ = {isa = PBXBuildFile; fileRef = 41FFC1EC227FF33300AED351 /* TripPlanTest.swift */; };
		41FFC1EF227FFBE400AED351 /* 111.swift in Sources */ = {isa = PBXBuildFile; fileRef = 41FFC1EE227FFBE400AED351 /* 111.swift */; };
		8C32366F2285230B00BD0DB2 /* Favourite.m in Sources */ = {isa = PBXBuildFile; fileRef = 8C32366C2285230B00BD0DB2 /* Favourite.m */; };
		8C3236722285232600BD0DB2 /* FavouriteViewController.m in Sources */ = {isa = PBXBuildFile; fileRef = 8C3236712285232600BD0DB2 /* FavouriteViewController.m */; };
		8C3236822285248800BD0DB2 /* SWCellScrollView.m in Sources */ = {isa = PBXBuildFile; fileRef = 8C3236772285248800BD0DB2 /* SWCellScrollView.m */; };
		8C3236832285248800BD0DB2 /* SWUtilityButtonView.m in Sources */ = {isa = PBXBuildFile; fileRef = 8C32367A2285248800BD0DB2 /* SWUtilityButtonView.m */; };
		8C3236842285248800BD0DB2 /* SWUtilityButtonTapGestureRecognizer.m in Sources */ = {isa = PBXBuildFile; fileRef = 8C32367C2285248800BD0DB2 /* SWUtilityButtonTapGestureRecognizer.m */; };
		8C3236852285248800BD0DB2 /* SWLongPressGestureRecognizer.m in Sources */ = {isa = PBXBuildFile; fileRef = 8C32367D2285248800BD0DB2 /* SWLongPressGestureRecognizer.m */; };
		8C3236862285248800BD0DB2 /* NSMutableArray+SWUtilityButtons.m in Sources */ = {isa = PBXBuildFile; fileRef = 8C32367E2285248800BD0DB2 /* NSMutableArray+SWUtilityButtons.m */; };
		8C3236872285248800BD0DB2 /* SWTableViewCell.m in Sources */ = {isa = PBXBuildFile; fileRef = 8C3236812285248800BD0DB2 /* SWTableViewCell.m */; };
		8C32369422854A6100BD0DB2 /* FMDatabaseQueue.m in Sources */ = {isa = PBXBuildFile; fileRef = 8C32368A22854A6100BD0DB2 /* FMDatabaseQueue.m */; };
		8C32369522854A6100BD0DB2 /* FMDatabaseAdditions.m in Sources */ = {isa = PBXBuildFile; fileRef = 8C32368D22854A6100BD0DB2 /* FMDatabaseAdditions.m */; };
		8C32369622854A6100BD0DB2 /* FMDatabase.m in Sources */ = {isa = PBXBuildFile; fileRef = 8C32368E22854A6100BD0DB2 /* FMDatabase.m */; };
		8C32369722854A6100BD0DB2 /* FMDatabasePool.m in Sources */ = {isa = PBXBuildFile; fileRef = 8C32369222854A6100BD0DB2 /* FMDatabasePool.m */; };
		8C32369822854A6100BD0DB2 /* FMResultSet.m in Sources */ = {isa = PBXBuildFile; fileRef = 8C32369322854A6100BD0DB2 /* FMResultSet.m */; };
		8C32369E22854AA000BD0DB2 /* Persistent.m in Sources */ = {isa = PBXBuildFile; fileRef = 8C32369A22854AA000BD0DB2 /* Persistent.m */; };
		8C32369F22854AA000BD0DB2 /* NSObject+SQL.m in Sources */ = {isa = PBXBuildFile; fileRef = 8C32369D22854AA000BD0DB2 /* NSObject+SQL.m */; };
		8C3236A222854AF800BD0DB2 /* DBManager.m in Sources */ = {isa = PBXBuildFile; fileRef = 8C3236A122854AF800BD0DB2 /* DBManager.m */; };
		8C3236A522854B6200BD0DB2 /* FavouriteDao.m in Sources */ = {isa = PBXBuildFile; fileRef = 8C3236A422854B6200BD0DB2 /* FavouriteDao.m */; };
		A890A60422919C3D002719C9 /* AttractionInformation.swift in Sources */ = {isa = PBXBuildFile; fileRef = A890A60322919C3D002719C9 /* AttractionInformation.swift */; };
		A890A60622919DAE002719C9 /* CityListInformation.swift in Sources */ = {isa = PBXBuildFile; fileRef = A890A60522919DAE002719C9 /* CityListInformation.swift */; };
		A890A60D2291A1FB002719C9 /* PlanInformations.swift in Sources */ = {isa = PBXBuildFile; fileRef = A890A60C2291A1FB002719C9 /* PlanInformations.swift */; };
		A8A17607229774F300C39C33 /* RouteSelectCityController.swift in Sources */ = {isa = PBXBuildFile; fileRef = A8A17606229774F300C39C33 /* RouteSelectCityController.swift */; };
		A8A176092297751D00C39C33 /* RouteSelectCityCell.swift in Sources */ = {isa = PBXBuildFile; fileRef = A8A176082297751D00C39C33 /* RouteSelectCityCell.swift */; };
		A8D2DC44228840D200F490F8 /* RouteSelectTableViewCell.swift in Sources */ = {isa = PBXBuildFile; fileRef = A8D2DC43228840D200F490F8 /* RouteSelectTableViewCell.swift */; };
		A8D2DC4822890C0700F490F8 /* RouteListViewController.swift in Sources */ = {isa = PBXBuildFile; fileRef = A8D2DC4722890C0700F490F8 /* RouteListViewController.swift */; };
		A8D2DC4E228980DD00F490F8 /* RouteInformation.swift in Sources */ = {isa = PBXBuildFile; fileRef = A8D2DC4D228980DD00F490F8 /* RouteInformation.swift */; };
		A8F66BA12297902300B7118E /* RoutePreviewController.swift in Sources */ = {isa = PBXBuildFile; fileRef = A8F66BA02297902300B7118E /* RoutePreviewController.swift */; };
		A8F66BA32297908E00B7118E /* RoutePreviewCell.swift in Sources */ = {isa = PBXBuildFile; fileRef = A8F66BA22297908E00B7118E /* RoutePreviewCell.swift */; };
		A8F66BA6229AE09C00B7118E /* RouteAttractionCell.swift in Sources */ = {isa = PBXBuildFile; fileRef = A8F66BA5229AE09C00B7118E /* RouteAttractionCell.swift */; };
		A8F66BAA229AE24B00B7118E /* RouteAttractionController.swift in Sources */ = {isa = PBXBuildFile; fileRef = A8F66BA9229AE24B00B7118E /* RouteAttractionController.swift */; };
		B9254E81144302AFF69F0DBA /* Pods_JourneyPlanner.framework in Frameworks */ = {isa = PBXBuildFile; fileRef = A2E12DA0876B1D62D6A3C436 /* Pods_JourneyPlanner.framework */; };
		DB2B63852297DB7400028D96 /* NameViewController.swift in Sources */ = {isa = PBXBuildFile; fileRef = DB2B63842297DB7400028D96 /* NameViewController.swift */; };
		DB70F64B22969DD40053DA50 /* PerferenceDao.m in Sources */ = {isa = PBXBuildFile; fileRef = DB70F64A22969DD40053DA50 /* PerferenceDao.m */; };
		DB70F64E2296A1470053DA50 /* Perference.m in Sources */ = {isa = PBXBuildFile; fileRef = DB70F64D2296A1470053DA50 /* Perference.m */; };
		DB7D5EA8227FDFCE005911F5 /* PerferenceViewController.swift in Sources */ = {isa = PBXBuildFile; fileRef = DB7D5EA7227FDFCE005911F5 /* PerferenceViewController.swift */; };
		E118498E2279B5CA00731D9A /* WeatherForcastController.swift in Sources */ = {isa = PBXBuildFile; fileRef = E118498D2279B5CA00731D9A /* WeatherForcastController.swift */; };
		E11849922279B65100731D9A /* WeatherCellController.swift in Sources */ = {isa = PBXBuildFile; fileRef = E11849912279B65100731D9A /* WeatherCellController.swift */; };
		E11C2A08227E8FE50076B33B /* ResturantRecommandedController.swift in Sources */ = {isa = PBXBuildFile; fileRef = E11C2A05227E8FE40076B33B /* ResturantRecommandedController.swift */; };
		E11C2A09227E8FE50076B33B /* ResturantCellController.swift in Sources */ = {isa = PBXBuildFile; fileRef = E11C2A06227E8FE40076B33B /* ResturantCellController.swift */; };
		E11C2A0A227E8FE50076B33B /* Resturant.swift in Sources */ = {isa = PBXBuildFile; fileRef = E11C2A07227E8FE50076B33B /* Resturant.swift */; };
		E11F14BB2280D74300A36DE9 /* ZomatoWeb.swift in Sources */ = {isa = PBXBuildFile; fileRef = E11F14BA2280D74300A36DE9 /* ZomatoWeb.swift */; };
		E127EDE2227C053D00386D84 /* weatherf.swift in Sources */ = {isa = PBXBuildFile; fileRef = E127EDE1227C053D00386D84 /* weatherf.swift */; };
		E14265F822421C06006399D2 /* AppDelegate.swift in Sources */ = {isa = PBXBuildFile; fileRef = E14265F722421C06006399D2 /* AppDelegate.swift */; };
		E14265FA22421C06006399D2 /* Home_ViewController.swift in Sources */ = {isa = PBXBuildFile; fileRef = E14265F922421C06006399D2 /* Home_ViewController.swift */; };
		E14265FC22421C06006399D2 /* SecondViewController.swift in Sources */ = {isa = PBXBuildFile; fileRef = E14265FB22421C06006399D2 /* SecondViewController.swift */; };
		E14265FF22421C06006399D2 /* Main.storyboard in Resources */ = {isa = PBXBuildFile; fileRef = E14265FD22421C06006399D2 /* Main.storyboard */; };
		E142660122421C06006399D2 /* Assets.xcassets in Resources */ = {isa = PBXBuildFile; fileRef = E142660022421C06006399D2 /* Assets.xcassets */; };
		E142660422421C06006399D2 /* LaunchScreen.storyboard in Resources */ = {isa = PBXBuildFile; fileRef = E142660222421C06006399D2 /* LaunchScreen.storyboard */; };
		E1CD9FDE2285B660007A116F /* ShowMoreCell.swift in Sources */ = {isa = PBXBuildFile; fileRef = E1CD9FDD2285B660007A116F /* ShowMoreCell.swift */; };
		E1CD9FE02285B6D3007A116F /* CuisineCell.swift in Sources */ = {isa = PBXBuildFile; fileRef = E1CD9FDF2285B6D3007A116F /* CuisineCell.swift */; };
/* End PBXBuildFile section */

/* Begin PBXContainerItemProxy section */
		41FFC1E5227FEFF600AED351 /* PBXContainerItemProxy */ = {
			isa = PBXContainerItemProxy;
			containerPortal = E14265EC22421C05006399D2 /* Project object */;
			proxyType = 1;
			remoteGlobalIDString = E14265F322421C05006399D2;
			remoteInfo = JourneyPlanner;
		};
/* End PBXContainerItemProxy section */

/* Begin PBXFileReference section */
		19305341977E0C9D7C33E2EC /* Pods-JourneyPlanner.release.xcconfig */ = {isa = PBXFileReference; includeInIndex = 1; lastKnownFileType = text.xcconfig; name = "Pods-JourneyPlanner.release.xcconfig"; path = "Target Support Files/Pods-JourneyPlanner/Pods-JourneyPlanner.release.xcconfig"; sourceTree = "<group>"; };
		410AED47226EE51200998F9E /* MapViewController.swift */ = {isa = PBXFileReference; lastKnownFileType = sourcecode.swift; path = MapViewController.swift; sourceTree = "<group>"; };
		410AED49226F13A400998F9E /* PlanViewController.swift */ = {isa = PBXFileReference; lastKnownFileType = sourcecode.swift; path = PlanViewController.swift; sourceTree = "<group>"; };
		4124D20E226C8335001CD1F2 /* LocationInformation.swift */ = {isa = PBXFileReference; lastKnownFileType = sourcecode.swift; path = LocationInformation.swift; sourceTree = "<group>"; };
		4135DD28229553B000467DD0 /* PlanCityViewController.swift */ = {isa = PBXFileReference; lastKnownFileType = sourcecode.swift; path = PlanCityViewController.swift; sourceTree = "<group>"; };
		4135DD2A22955AE600467DD0 /* PlanCityTableViewCell.swift */ = {isa = PBXFileReference; lastKnownFileType = sourcecode.swift; path = PlanCityTableViewCell.swift; sourceTree = "<group>"; };
		4135DD2C22956F6500467DD0 /* PlanDetailViewController.swift */ = {isa = PBXFileReference; lastKnownFileType = sourcecode.swift; path = PlanDetailViewController.swift; sourceTree = "<group>"; };
		41469838229BF09E004AB978 /* Tab_UserViewController.swift */ = {isa = PBXFileReference; lastKnownFileType = sourcecode.swift; path = Tab_UserViewController.swift; sourceTree = "<group>"; };
		415FFF25227020C0003394B3 /* SearchMapTableViewController.swift */ = {isa = PBXFileReference; lastKnownFileType = sourcecode.swift; path = SearchMapTableViewController.swift; sourceTree = "<group>"; };
		416391DB229A402600EC9636 /* SelectDestinationViewController.swift */ = {isa = PBXFileReference; lastKnownFileType = sourcecode.swift; path = SelectDestinationViewController.swift; sourceTree = "<group>"; };
		416391DD229A511700EC9636 /* SelectDestinationTableViewCell.swift */ = {isa = PBXFileReference; lastKnownFileType = sourcecode.swift; path = SelectDestinationTableViewCell.swift; sourceTree = "<group>"; };
		416AF92D226F1ECE00FF4FF6 /* SmallPlanInformation.swift */ = {isa = PBXFileReference; lastKnownFileType = sourcecode.swift; path = SmallPlanInformation.swift; sourceTree = "<group>"; };
		416AF92F226F21F700FF4FF6 /* TripPlan.swift */ = {isa = PBXFileReference; lastKnownFileType = sourcecode.swift; path = TripPlan.swift; sourceTree = "<group>"; };
		416CEB97226F3E6F0039F773 /* PlanTableViewCell.swift */ = {isa = PBXFileReference; lastKnownFileType = sourcecode.swift; path = PlanTableViewCell.swift; sourceTree = "<group>"; };
		419508DA229CE6E6006C6365 /* DataBaseTestViewController.swift */ = {isa = PBXFileReference; lastKnownFileType = sourcecode.swift; path = DataBaseTestViewController.swift; sourceTree = "<group>"; };
		419DCFED2296220C00468509 /* PlanDetailStayLengthTableViewCell.swift */ = {isa = PBXFileReference; lastKnownFileType = sourcecode.swift; path = PlanDetailStayLengthTableViewCell.swift; sourceTree = "<group>"; };
		419DCFEF229622C800468509 /* PlanDetailMapTableViewCell.swift */ = {isa = PBXFileReference; lastKnownFileType = sourcecode.swift; path = PlanDetailMapTableViewCell.swift; sourceTree = "<group>"; };
		419DCFF1229623FE00468509 /* AttractionDetailTableViewCell.swift */ = {isa = PBXFileReference; lastKnownFileType = sourcecode.swift; path = AttractionDetailTableViewCell.swift; sourceTree = "<group>"; };
		41B448B0226C39E600763AE4 /* SelectCityViewController.swift */ = {isa = PBXFileReference; lastKnownFileType = sourcecode.swift; path = SelectCityViewController.swift; sourceTree = "<group>"; };
		41C818DC227D378300ED125D /* Explore_ViewController.swift */ = {isa = PBXFileReference; lastKnownFileType = sourcecode.swift; path = Explore_ViewController.swift; sourceTree = "<group>"; };
		41D06C8C229809D900A7584C /* MemoViewController.swift */ = {isa = PBXFileReference; lastKnownFileType = sourcecode.swift; path = MemoViewController.swift; sourceTree = "<group>"; };
		41DE7A982268846100CB9D79 /* CityGuideInfo.swift */ = {isa = PBXFileReference; lastKnownFileType = sourcecode.swift; path = CityGuideInfo.swift; sourceTree = "<group>"; };
		41E058332277172700BFF264 /* tripDetailViewController.swift */ = {isa = PBXFileReference; lastKnownFileType = sourcecode.swift; path = tripDetailViewController.swift; sourceTree = "<group>"; };
		41E05837227931BC00BFF264 /* AboutViewController.swift */ = {isa = PBXFileReference; lastKnownFileType = sourcecode.swift; path = AboutViewController.swift; sourceTree = "<group>"; };
		41FFC1E0227FEFF600AED351 /* JourneyPlannerTests.xctest */ = {isa = PBXFileReference; explicitFileType = wrapper.cfbundle; includeInIndex = 0; path = JourneyPlannerTests.xctest; sourceTree = BUILT_PRODUCTS_DIR; };
		41FFC1E4227FEFF600AED351 /* Info.plist */ = {isa = PBXFileReference; lastKnownFileType = text.plist.xml; path = Info.plist; sourceTree = "<group>"; };
		41FFC1EC227FF33300AED351 /* TripPlanTest.swift */ = {isa = PBXFileReference; lastKnownFileType = sourcecode.swift; path = TripPlanTest.swift; sourceTree = "<group>"; };
		41FFC1EE227FFBE400AED351 /* 111.swift */ = {isa = PBXFileReference; lastKnownFileType = sourcecode.swift; path = 111.swift; sourceTree = "<group>"; };
		8C32366A2285230B00BD0DB2 /* Favourite.h */ = {isa = PBXFileReference; fileEncoding = 4; lastKnownFileType = sourcecode.c.h; path = Favourite.h; sourceTree = "<group>"; };
		8C32366C2285230B00BD0DB2 /* Favourite.m */ = {isa = PBXFileReference; fileEncoding = 4; lastKnownFileType = sourcecode.c.objc; path = Favourite.m; sourceTree = "<group>"; };
		8C3236702285232600BD0DB2 /* FavouriteViewController.h */ = {isa = PBXFileReference; fileEncoding = 4; lastKnownFileType = sourcecode.c.h; path = FavouriteViewController.h; sourceTree = "<group>"; };
		8C3236712285232600BD0DB2 /* FavouriteViewController.m */ = {isa = PBXFileReference; fileEncoding = 4; lastKnownFileType = sourcecode.c.objc; path = FavouriteViewController.m; sourceTree = "<group>"; };
		8C3236732285235700BD0DB2 /* Header-OCSwift.h */ = {isa = PBXFileReference; fileEncoding = 4; lastKnownFileType = sourcecode.c.h; path = "Header-OCSwift.h"; sourceTree = "<group>"; };
		8C3236762285248800BD0DB2 /* SWUtilityButtonTapGestureRecognizer.h */ = {isa = PBXFileReference; fileEncoding = 4; lastKnownFileType = sourcecode.c.h; path = SWUtilityButtonTapGestureRecognizer.h; sourceTree = "<group>"; };
		8C3236772285248800BD0DB2 /* SWCellScrollView.m */ = {isa = PBXFileReference; fileEncoding = 4; lastKnownFileType = sourcecode.c.objc; path = SWCellScrollView.m; sourceTree = "<group>"; };
		8C3236782285248800BD0DB2 /* NSMutableArray+SWUtilityButtons.h */ = {isa = PBXFileReference; fileEncoding = 4; lastKnownFileType = sourcecode.c.h; path = "NSMutableArray+SWUtilityButtons.h"; sourceTree = "<group>"; };
		8C3236792285248800BD0DB2 /* SWLongPressGestureRecognizer.h */ = {isa = PBXFileReference; fileEncoding = 4; lastKnownFileType = sourcecode.c.h; path = SWLongPressGestureRecognizer.h; sourceTree = "<group>"; };
		8C32367A2285248800BD0DB2 /* SWUtilityButtonView.m */ = {isa = PBXFileReference; fileEncoding = 4; lastKnownFileType = sourcecode.c.objc; path = SWUtilityButtonView.m; sourceTree = "<group>"; };
		8C32367B2285248800BD0DB2 /* SWTableViewCell.h */ = {isa = PBXFileReference; fileEncoding = 4; lastKnownFileType = sourcecode.c.h; path = SWTableViewCell.h; sourceTree = "<group>"; };
		8C32367C2285248800BD0DB2 /* SWUtilityButtonTapGestureRecognizer.m */ = {isa = PBXFileReference; fileEncoding = 4; lastKnownFileType = sourcecode.c.objc; path = SWUtilityButtonTapGestureRecognizer.m; sourceTree = "<group>"; };
		8C32367D2285248800BD0DB2 /* SWLongPressGestureRecognizer.m */ = {isa = PBXFileReference; fileEncoding = 4; lastKnownFileType = sourcecode.c.objc; path = SWLongPressGestureRecognizer.m; sourceTree = "<group>"; };
		8C32367E2285248800BD0DB2 /* NSMutableArray+SWUtilityButtons.m */ = {isa = PBXFileReference; fileEncoding = 4; lastKnownFileType = sourcecode.c.objc; path = "NSMutableArray+SWUtilityButtons.m"; sourceTree = "<group>"; };
		8C32367F2285248800BD0DB2 /* SWCellScrollView.h */ = {isa = PBXFileReference; fileEncoding = 4; lastKnownFileType = sourcecode.c.h; path = SWCellScrollView.h; sourceTree = "<group>"; };
		8C3236802285248800BD0DB2 /* SWUtilityButtonView.h */ = {isa = PBXFileReference; fileEncoding = 4; lastKnownFileType = sourcecode.c.h; path = SWUtilityButtonView.h; sourceTree = "<group>"; };
		8C3236812285248800BD0DB2 /* SWTableViewCell.m */ = {isa = PBXFileReference; fileEncoding = 4; lastKnownFileType = sourcecode.c.objc; path = SWTableViewCell.m; sourceTree = "<group>"; };
		8C32368922854A6100BD0DB2 /* FMDatabase.h */ = {isa = PBXFileReference; fileEncoding = 4; lastKnownFileType = sourcecode.c.h; path = FMDatabase.h; sourceTree = "<group>"; };
		8C32368A22854A6100BD0DB2 /* FMDatabaseQueue.m */ = {isa = PBXFileReference; fileEncoding = 4; lastKnownFileType = sourcecode.c.objc; path = FMDatabaseQueue.m; sourceTree = "<group>"; };
		8C32368B22854A6100BD0DB2 /* FMResultSet.h */ = {isa = PBXFileReference; fileEncoding = 4; lastKnownFileType = sourcecode.c.h; path = FMResultSet.h; sourceTree = "<group>"; };
		8C32368C22854A6100BD0DB2 /* FMDatabasePool.h */ = {isa = PBXFileReference; fileEncoding = 4; lastKnownFileType = sourcecode.c.h; path = FMDatabasePool.h; sourceTree = "<group>"; };
		8C32368D22854A6100BD0DB2 /* FMDatabaseAdditions.m */ = {isa = PBXFileReference; fileEncoding = 4; lastKnownFileType = sourcecode.c.objc; path = FMDatabaseAdditions.m; sourceTree = "<group>"; };
		8C32368E22854A6100BD0DB2 /* FMDatabase.m */ = {isa = PBXFileReference; fileEncoding = 4; lastKnownFileType = sourcecode.c.objc; path = FMDatabase.m; sourceTree = "<group>"; };
		8C32368F22854A6100BD0DB2 /* FMDatabaseQueue.h */ = {isa = PBXFileReference; fileEncoding = 4; lastKnownFileType = sourcecode.c.h; path = FMDatabaseQueue.h; sourceTree = "<group>"; };
		8C32369022854A6100BD0DB2 /* FMDB.h */ = {isa = PBXFileReference; fileEncoding = 4; lastKnownFileType = sourcecode.c.h; path = FMDB.h; sourceTree = "<group>"; };
		8C32369122854A6100BD0DB2 /* FMDatabaseAdditions.h */ = {isa = PBXFileReference; fileEncoding = 4; lastKnownFileType = sourcecode.c.h; path = FMDatabaseAdditions.h; sourceTree = "<group>"; };
		8C32369222854A6100BD0DB2 /* FMDatabasePool.m */ = {isa = PBXFileReference; fileEncoding = 4; lastKnownFileType = sourcecode.c.objc; path = FMDatabasePool.m; sourceTree = "<group>"; };
		8C32369322854A6100BD0DB2 /* FMResultSet.m */ = {isa = PBXFileReference; fileEncoding = 4; lastKnownFileType = sourcecode.c.objc; path = FMResultSet.m; sourceTree = "<group>"; };
		8C32369A22854AA000BD0DB2 /* Persistent.m */ = {isa = PBXFileReference; fileEncoding = 4; lastKnownFileType = sourcecode.c.objc; path = Persistent.m; sourceTree = "<group>"; };
		8C32369B22854AA000BD0DB2 /* Persistent.h */ = {isa = PBXFileReference; fileEncoding = 4; lastKnownFileType = sourcecode.c.h; path = Persistent.h; sourceTree = "<group>"; };
		8C32369C22854AA000BD0DB2 /* NSObject+SQL.h */ = {isa = PBXFileReference; fileEncoding = 4; lastKnownFileType = sourcecode.c.h; path = "NSObject+SQL.h"; sourceTree = "<group>"; };
		8C32369D22854AA000BD0DB2 /* NSObject+SQL.m */ = {isa = PBXFileReference; fileEncoding = 4; lastKnownFileType = sourcecode.c.objc; path = "NSObject+SQL.m"; sourceTree = "<group>"; };
		8C3236A022854AF800BD0DB2 /* DBManager.h */ = {isa = PBXFileReference; lastKnownFileType = sourcecode.c.h; path = DBManager.h; sourceTree = "<group>"; };
		8C3236A122854AF800BD0DB2 /* DBManager.m */ = {isa = PBXFileReference; lastKnownFileType = sourcecode.c.objc; path = DBManager.m; sourceTree = "<group>"; };
		8C3236A322854B6200BD0DB2 /* FavouriteDao.h */ = {isa = PBXFileReference; lastKnownFileType = sourcecode.c.h; path = FavouriteDao.h; sourceTree = "<group>"; };
		8C3236A422854B6200BD0DB2 /* FavouriteDao.m */ = {isa = PBXFileReference; lastKnownFileType = sourcecode.c.objc; path = FavouriteDao.m; sourceTree = "<group>"; };
		A2E12DA0876B1D62D6A3C436 /* Pods_JourneyPlanner.framework */ = {isa = PBXFileReference; explicitFileType = wrapper.framework; includeInIndex = 0; path = Pods_JourneyPlanner.framework; sourceTree = BUILT_PRODUCTS_DIR; };
		A890A60322919C3D002719C9 /* AttractionInformation.swift */ = {isa = PBXFileReference; lastKnownFileType = sourcecode.swift; path = AttractionInformation.swift; sourceTree = "<group>"; };
		A890A60522919DAE002719C9 /* CityListInformation.swift */ = {isa = PBXFileReference; lastKnownFileType = sourcecode.swift; path = CityListInformation.swift; sourceTree = "<group>"; };
		A890A60C2291A1FB002719C9 /* PlanInformations.swift */ = {isa = PBXFileReference; lastKnownFileType = sourcecode.swift; path = PlanInformations.swift; sourceTree = "<group>"; };
		A8A17606229774F300C39C33 /* RouteSelectCityController.swift */ = {isa = PBXFileReference; lastKnownFileType = sourcecode.swift; path = RouteSelectCityController.swift; sourceTree = "<group>"; };
		A8A176082297751D00C39C33 /* RouteSelectCityCell.swift */ = {isa = PBXFileReference; lastKnownFileType = sourcecode.swift; path = RouteSelectCityCell.swift; sourceTree = "<group>"; };
		A8D2DC43228840D200F490F8 /* RouteSelectTableViewCell.swift */ = {isa = PBXFileReference; lastKnownFileType = sourcecode.swift; path = RouteSelectTableViewCell.swift; sourceTree = "<group>"; };
		A8D2DC4722890C0700F490F8 /* RouteListViewController.swift */ = {isa = PBXFileReference; lastKnownFileType = sourcecode.swift; path = RouteListViewController.swift; sourceTree = "<group>"; };
		A8D2DC4D228980DD00F490F8 /* RouteInformation.swift */ = {isa = PBXFileReference; lastKnownFileType = sourcecode.swift; path = RouteInformation.swift; sourceTree = "<group>"; };
		A8F66BA02297902300B7118E /* RoutePreviewController.swift */ = {isa = PBXFileReference; lastKnownFileType = sourcecode.swift; path = RoutePreviewController.swift; sourceTree = "<group>"; };
		A8F66BA22297908E00B7118E /* RoutePreviewCell.swift */ = {isa = PBXFileReference; lastKnownFileType = sourcecode.swift; path = RoutePreviewCell.swift; sourceTree = "<group>"; };
		A8F66BA5229AE09C00B7118E /* RouteAttractionCell.swift */ = {isa = PBXFileReference; lastKnownFileType = sourcecode.swift; path = RouteAttractionCell.swift; sourceTree = "<group>"; };
		A8F66BA9229AE24B00B7118E /* RouteAttractionController.swift */ = {isa = PBXFileReference; lastKnownFileType = sourcecode.swift; path = RouteAttractionController.swift; sourceTree = "<group>"; };
		DB2B63842297DB7400028D96 /* NameViewController.swift */ = {isa = PBXFileReference; lastKnownFileType = sourcecode.swift; path = NameViewController.swift; sourceTree = "<group>"; };
		DB70F64922969DD40053DA50 /* PerferenceDao.h */ = {isa = PBXFileReference; lastKnownFileType = sourcecode.c.h; path = PerferenceDao.h; sourceTree = "<group>"; };
		DB70F64A22969DD40053DA50 /* PerferenceDao.m */ = {isa = PBXFileReference; lastKnownFileType = sourcecode.c.objc; path = PerferenceDao.m; sourceTree = "<group>"; };
		DB70F64C2296A1470053DA50 /* Perference.h */ = {isa = PBXFileReference; lastKnownFileType = sourcecode.c.h; path = Perference.h; sourceTree = "<group>"; };
		DB70F64D2296A1470053DA50 /* Perference.m */ = {isa = PBXFileReference; lastKnownFileType = sourcecode.c.objc; path = Perference.m; sourceTree = "<group>"; };
		DB7D5EA7227FDFCE005911F5 /* PerferenceViewController.swift */ = {isa = PBXFileReference; lastKnownFileType = sourcecode.swift; path = PerferenceViewController.swift; sourceTree = "<group>"; };
		E118498D2279B5CA00731D9A /* WeatherForcastController.swift */ = {isa = PBXFileReference; lastKnownFileType = sourcecode.swift; path = WeatherForcastController.swift; sourceTree = "<group>"; };
		E11849912279B65100731D9A /* WeatherCellController.swift */ = {isa = PBXFileReference; lastKnownFileType = sourcecode.swift; path = WeatherCellController.swift; sourceTree = "<group>"; };
		E11C2A05227E8FE40076B33B /* ResturantRecommandedController.swift */ = {isa = PBXFileReference; fileEncoding = 4; lastKnownFileType = sourcecode.swift; path = ResturantRecommandedController.swift; sourceTree = "<group>"; };
		E11C2A06227E8FE40076B33B /* ResturantCellController.swift */ = {isa = PBXFileReference; fileEncoding = 4; lastKnownFileType = sourcecode.swift; path = ResturantCellController.swift; sourceTree = "<group>"; };
		E11C2A07227E8FE50076B33B /* Resturant.swift */ = {isa = PBXFileReference; fileEncoding = 4; lastKnownFileType = sourcecode.swift; path = Resturant.swift; sourceTree = "<group>"; };
		E11F14BA2280D74300A36DE9 /* ZomatoWeb.swift */ = {isa = PBXFileReference; lastKnownFileType = sourcecode.swift; path = ZomatoWeb.swift; sourceTree = "<group>"; };
		E127EDE1227C053D00386D84 /* weatherf.swift */ = {isa = PBXFileReference; lastKnownFileType = sourcecode.swift; path = weatherf.swift; sourceTree = "<group>"; };
		E14265F422421C05006399D2 /* JourneyPlanner.app */ = {isa = PBXFileReference; explicitFileType = wrapper.application; includeInIndex = 0; path = JourneyPlanner.app; sourceTree = BUILT_PRODUCTS_DIR; };
		E14265F722421C06006399D2 /* AppDelegate.swift */ = {isa = PBXFileReference; lastKnownFileType = sourcecode.swift; path = AppDelegate.swift; sourceTree = "<group>"; };
		E14265F922421C06006399D2 /* Home_ViewController.swift */ = {isa = PBXFileReference; lastKnownFileType = sourcecode.swift; path = Home_ViewController.swift; sourceTree = "<group>"; };
		E14265FB22421C06006399D2 /* SecondViewController.swift */ = {isa = PBXFileReference; lastKnownFileType = sourcecode.swift; path = SecondViewController.swift; sourceTree = "<group>"; };
		E14265FE22421C06006399D2 /* Base */ = {isa = PBXFileReference; lastKnownFileType = file.storyboard; name = Base; path = Base.lproj/Main.storyboard; sourceTree = "<group>"; };
		E142660022421C06006399D2 /* Assets.xcassets */ = {isa = PBXFileReference; lastKnownFileType = folder.assetcatalog; path = Assets.xcassets; sourceTree = "<group>"; };
		E142660322421C06006399D2 /* Base */ = {isa = PBXFileReference; lastKnownFileType = file.storyboard; name = Base; path = Base.lproj/LaunchScreen.storyboard; sourceTree = "<group>"; };
		E142660522421C06006399D2 /* Info.plist */ = {isa = PBXFileReference; lastKnownFileType = text.plist.xml; path = Info.plist; sourceTree = "<group>"; };
		E1CD9FDD2285B660007A116F /* ShowMoreCell.swift */ = {isa = PBXFileReference; lastKnownFileType = sourcecode.swift; path = ShowMoreCell.swift; sourceTree = "<group>"; };
		E1CD9FDF2285B6D3007A116F /* CuisineCell.swift */ = {isa = PBXFileReference; lastKnownFileType = sourcecode.swift; path = CuisineCell.swift; sourceTree = "<group>"; };
		EFA350BB1C3D190A14111C95 /* Pods-JourneyPlanner.debug.xcconfig */ = {isa = PBXFileReference; includeInIndex = 1; lastKnownFileType = text.xcconfig; name = "Pods-JourneyPlanner.debug.xcconfig"; path = "Target Support Files/Pods-JourneyPlanner/Pods-JourneyPlanner.debug.xcconfig"; sourceTree = "<group>"; };
/* End PBXFileReference section */

/* Begin PBXFrameworksBuildPhase section */
		41FFC1DD227FEFF600AED351 /* Frameworks */ = {
			isa = PBXFrameworksBuildPhase;
			buildActionMask = 2147483647;
			files = (
			);
			runOnlyForDeploymentPostprocessing = 0;
		};
		E14265F122421C05006399D2 /* Frameworks */ = {
			isa = PBXFrameworksBuildPhase;
			buildActionMask = 2147483647;
			files = (
				B9254E81144302AFF69F0DBA /* Pods_JourneyPlanner.framework in Frameworks */,
			);
			runOnlyForDeploymentPostprocessing = 0;
		};
/* End PBXFrameworksBuildPhase section */

/* Begin PBXGroup section */
		09D51488F12E1CECAB2ED7A4 /* Pods */ = {
			isa = PBXGroup;
			children = (
				EFA350BB1C3D190A14111C95 /* Pods-JourneyPlanner.debug.xcconfig */,
				19305341977E0C9D7C33E2EC /* Pods-JourneyPlanner.release.xcconfig */,
			);
			path = Pods;
			sourceTree = "<group>";
		};
		41FFC1E1227FEFF600AED351 /* JourneyPlannerTests */ = {
			isa = PBXGroup;
			children = (
				41FFC1E4227FEFF600AED351 /* Info.plist */,
				41FFC1EC227FF33300AED351 /* TripPlanTest.swift */,
				41FFC1EE227FFBE400AED351 /* 111.swift */,
			);
			path = JourneyPlannerTests;
			sourceTree = "<group>";
		};
		8C323668228522CC00BD0DB2 /* Favourite */ = {
			isa = PBXGroup;
			children = (
				8C32366A2285230B00BD0DB2 /* Favourite.h */,
				8C32366C2285230B00BD0DB2 /* Favourite.m */,
				8C3236702285232600BD0DB2 /* FavouriteViewController.h */,
				8C3236712285232600BD0DB2 /* FavouriteViewController.m */,
			);
			path = Favourite;
			sourceTree = "<group>";
		};
		8C3236692285230B00BD0DB2 /* Manager */ = {
			isa = PBXGroup;
			children = (
				8C32369922854A6A00BD0DB2 /* LocalManager */,
			);
			path = Manager;
			sourceTree = "<group>";
		};
		8C3236742285247900BD0DB2 /* ThirdPart */ = {
			isa = PBXGroup;
			children = (
				8C32368822854A6100BD0DB2 /* FMDB */,
				8C3236752285248800BD0DB2 /* SWTableViewCell */,
			);
			path = ThirdPart;
			sourceTree = "<group>";
		};
		8C3236752285248800BD0DB2 /* SWTableViewCell */ = {
			isa = PBXGroup;
			children = (
				8C3236762285248800BD0DB2 /* SWUtilityButtonTapGestureRecognizer.h */,
				8C3236772285248800BD0DB2 /* SWCellScrollView.m */,
				8C3236782285248800BD0DB2 /* NSMutableArray+SWUtilityButtons.h */,
				8C3236792285248800BD0DB2 /* SWLongPressGestureRecognizer.h */,
				8C32367A2285248800BD0DB2 /* SWUtilityButtonView.m */,
				8C32367B2285248800BD0DB2 /* SWTableViewCell.h */,
				8C32367C2285248800BD0DB2 /* SWUtilityButtonTapGestureRecognizer.m */,
				8C32367D2285248800BD0DB2 /* SWLongPressGestureRecognizer.m */,
				8C32367E2285248800BD0DB2 /* NSMutableArray+SWUtilityButtons.m */,
				8C32367F2285248800BD0DB2 /* SWCellScrollView.h */,
				8C3236802285248800BD0DB2 /* SWUtilityButtonView.h */,
				8C3236812285248800BD0DB2 /* SWTableViewCell.m */,
			);
			path = SWTableViewCell;
			sourceTree = "<group>";
		};
		8C32368822854A6100BD0DB2 /* FMDB */ = {
			isa = PBXGroup;
			children = (
				8C32368922854A6100BD0DB2 /* FMDatabase.h */,
				8C32368A22854A6100BD0DB2 /* FMDatabaseQueue.m */,
				8C32368B22854A6100BD0DB2 /* FMResultSet.h */,
				8C32368C22854A6100BD0DB2 /* FMDatabasePool.h */,
				8C32368D22854A6100BD0DB2 /* FMDatabaseAdditions.m */,
				8C32368E22854A6100BD0DB2 /* FMDatabase.m */,
				8C32368F22854A6100BD0DB2 /* FMDatabaseQueue.h */,
				8C32369022854A6100BD0DB2 /* FMDB.h */,
				8C32369122854A6100BD0DB2 /* FMDatabaseAdditions.h */,
				8C32369222854A6100BD0DB2 /* FMDatabasePool.m */,
				8C32369322854A6100BD0DB2 /* FMResultSet.m */,
			);
			path = FMDB;
			sourceTree = "<group>";
		};
		8C32369922854A6A00BD0DB2 /* LocalManager */ = {
			isa = PBXGroup;
			children = (
				8C32369B22854AA000BD0DB2 /* Persistent.h */,
				8C32369A22854AA000BD0DB2 /* Persistent.m */,
				8C3236A022854AF800BD0DB2 /* DBManager.h */,
				8C3236A122854AF800BD0DB2 /* DBManager.m */,
				8C32369C22854AA000BD0DB2 /* NSObject+SQL.h */,
				8C32369D22854AA000BD0DB2 /* NSObject+SQL.m */,
				8C3236A322854B6200BD0DB2 /* FavouriteDao.h */,
				8C3236A422854B6200BD0DB2 /* FavouriteDao.m */,
				DB70F64922969DD40053DA50 /* PerferenceDao.h */,
				DB70F64A22969DD40053DA50 /* PerferenceDao.m */,
				DB70F64C2296A1470053DA50 /* Perference.h */,
				DB70F64D2296A1470053DA50 /* Perference.m */,
			);
			path = LocalManager;
			sourceTree = "<group>";
		};
		A6569F2B4170D6685F746ACD /* Frameworks */ = {
			isa = PBXGroup;
			children = (
				A2E12DA0876B1D62D6A3C436 /* Pods_JourneyPlanner.framework */,
			);
			name = Frameworks;
			sourceTree = "<group>";
		};
		E14265EB22421C05006399D2 = {
			isa = PBXGroup;
			children = (
				E14265F622421C05006399D2 /* JourneyPlanner */,
				41FFC1E1227FEFF600AED351 /* JourneyPlannerTests */,
				E14265F522421C05006399D2 /* Products */,
				09D51488F12E1CECAB2ED7A4 /* Pods */,
				A6569F2B4170D6685F746ACD /* Frameworks */,
			);
			sourceTree = "<group>";
		};
		E14265F522421C05006399D2 /* Products */ = {
			isa = PBXGroup;
			children = (
				E14265F422421C05006399D2 /* JourneyPlanner.app */,
				41FFC1E0227FEFF600AED351 /* JourneyPlannerTests.xctest */,
			);
			name = Products;
			sourceTree = "<group>";
		};
		E14265F622421C05006399D2 /* JourneyPlanner */ = {
			isa = PBXGroup;
			children = (
				8C3236742285247900BD0DB2 /* ThirdPart */,
				8C3236692285230B00BD0DB2 /* Manager */,
				8C323668228522CC00BD0DB2 /* Favourite */,
				E14265F722421C06006399D2 /* AppDelegate.swift */,
				41C818DC227D378300ED125D /* Explore_ViewController.swift */,
				E14265F922421C06006399D2 /* Home_ViewController.swift */,
				41B448B0226C39E600763AE4 /* SelectCityViewController.swift */,
				A8D2DC43228840D200F490F8 /* RouteSelectTableViewCell.swift */,
				A8D2DC4722890C0700F490F8 /* RouteListViewController.swift */,
				A8A17606229774F300C39C33 /* RouteSelectCityController.swift */,
				A8A176082297751D00C39C33 /* RouteSelectCityCell.swift */,
				A8F66BA5229AE09C00B7118E /* RouteAttractionCell.swift */,
				A8F66BA9229AE24B00B7118E /* RouteAttractionController.swift */,
				A8F66BA02297902300B7118E /* RoutePreviewController.swift */,
				A8F66BA22297908E00B7118E /* RoutePreviewCell.swift */,
				E14265FB22421C06006399D2 /* SecondViewController.swift */,
				E14265FD22421C06006399D2 /* Main.storyboard */,
				E142660022421C06006399D2 /* Assets.xcassets */,
				E142660222421C06006399D2 /* LaunchScreen.storyboard */,
				E142660522421C06006399D2 /* Info.plist */,
				41DE7A982268846100CB9D79 /* CityGuideInfo.swift */,
				4124D20E226C8335001CD1F2 /* LocationInformation.swift */,
				416AF92D226F1ECE00FF4FF6 /* SmallPlanInformation.swift */,
				416CEB97226F3E6F0039F773 /* PlanTableViewCell.swift */,
				416AF92F226F21F700FF4FF6 /* TripPlan.swift */,
				E11C2A07227E8FE50076B33B /* Resturant.swift */,
				E11C2A06227E8FE40076B33B /* ResturantCellController.swift */,
				E11C2A05227E8FE40076B33B /* ResturantRecommandedController.swift */,
				410AED49226F13A400998F9E /* PlanViewController.swift */,
				410AED47226EE51200998F9E /* MapViewController.swift */,
				415FFF25227020C0003394B3 /* SearchMapTableViewController.swift */,
				41E058332277172700BFF264 /* tripDetailViewController.swift */,
				41E05837227931BC00BFF264 /* AboutViewController.swift */,
				E118498D2279B5CA00731D9A /* WeatherForcastController.swift */,
				E11849912279B65100731D9A /* WeatherCellController.swift */,
				E127EDE1227C053D00386D84 /* weatherf.swift */,
				DB7D5EA7227FDFCE005911F5 /* PerferenceViewController.swift */,
				E11F14BA2280D74300A36DE9 /* ZomatoWeb.swift */,
				8C3236732285235700BD0DB2 /* Header-OCSwift.h */,
				E1CD9FDD2285B660007A116F /* ShowMoreCell.swift */,
				E1CD9FDF2285B6D3007A116F /* CuisineCell.swift */,
				A890A60322919C3D002719C9 /* AttractionInformation.swift */,
				A890A60522919DAE002719C9 /* CityListInformation.swift */,
				A8D2DC4D228980DD00F490F8 /* RouteInformation.swift */,
				A890A60C2291A1FB002719C9 /* PlanInformations.swift */,
				4135DD28229553B000467DD0 /* PlanCityViewController.swift */,
				4135DD2A22955AE600467DD0 /* PlanCityTableViewCell.swift */,
				4135DD2C22956F6500467DD0 /* PlanDetailViewController.swift */,
				419DCFED2296220C00468509 /* PlanDetailStayLengthTableViewCell.swift */,
				419DCFEF229622C800468509 /* PlanDetailMapTableViewCell.swift */,
				419DCFF1229623FE00468509 /* AttractionDetailTableViewCell.swift */,
				DB2B63842297DB7400028D96 /* NameViewController.swift */,
				41D06C8C229809D900A7584C /* MemoViewController.swift */,
				416391DB229A402600EC9636 /* SelectDestinationViewController.swift */,
				416391DD229A511700EC9636 /* SelectDestinationTableViewCell.swift */,
				41469838229BF09E004AB978 /* Tab_UserViewController.swift */,
				419508DA229CE6E6006C6365 /* DataBaseTestViewController.swift */,
			);
			path = JourneyPlanner;
			sourceTree = "<group>";
		};
/* End PBXGroup section */

/* Begin PBXNativeTarget section */
		41FFC1DF227FEFF600AED351 /* JourneyPlannerTests */ = {
			isa = PBXNativeTarget;
			buildConfigurationList = 41FFC1E7227FEFF600AED351 /* Build configuration list for PBXNativeTarget "JourneyPlannerTests" */;
			buildPhases = (
				41FFC1DC227FEFF600AED351 /* Sources */,
				41FFC1DD227FEFF600AED351 /* Frameworks */,
				41FFC1DE227FEFF600AED351 /* Resources */,
			);
			buildRules = (
			);
			dependencies = (
				41FFC1E6227FEFF600AED351 /* PBXTargetDependency */,
			);
			name = JourneyPlannerTests;
			productName = JourneyPlannerTests;
			productReference = 41FFC1E0227FEFF600AED351 /* JourneyPlannerTests.xctest */;
			productType = "com.apple.product-type.bundle.unit-test";
		};
		E14265F322421C05006399D2 /* JourneyPlanner */ = {
			isa = PBXNativeTarget;
			buildConfigurationList = E142660822421C06006399D2 /* Build configuration list for PBXNativeTarget "JourneyPlanner" */;
			buildPhases = (
				ED8FA39C4C7BF00E34472633 /* [CP] Check Pods Manifest.lock */,
				E14265F022421C05006399D2 /* Sources */,
				E14265F122421C05006399D2 /* Frameworks */,
				E14265F222421C05006399D2 /* Resources */,
				851061EC85F9D3916C744742 /* [CP] Embed Pods Frameworks */,
			);
			buildRules = (
			);
			dependencies = (
			);
			name = JourneyPlanner;
			productName = JourneyPlanner;
			productReference = E14265F422421C05006399D2 /* JourneyPlanner.app */;
			productType = "com.apple.product-type.application";
		};
/* End PBXNativeTarget section */

/* Begin PBXProject section */
		E14265EC22421C05006399D2 /* Project object */ = {
			isa = PBXProject;
			attributes = {
				LastSwiftUpdateCheck = 1020;
				LastUpgradeCheck = 1010;
				ORGANIZATIONNAME = RuotongX;
				TargetAttributes = {
					41FFC1DF227FEFF600AED351 = {
						CreatedOnToolsVersion = 10.2.1;
						LastSwiftMigration = 1020;
						TestTargetID = E14265F322421C05006399D2;
					};
					E14265F322421C05006399D2 = {
						CreatedOnToolsVersion = 10.1;
					};
				};
			};
			buildConfigurationList = E14265EF22421C05006399D2 /* Build configuration list for PBXProject "JourneyPlanner" */;
			compatibilityVersion = "Xcode 9.3";
			developmentRegion = en;
			hasScannedForEncodings = 0;
			knownRegions = (
				en,
				Base,
			);
			mainGroup = E14265EB22421C05006399D2;
			productRefGroup = E14265F522421C05006399D2 /* Products */;
			projectDirPath = "";
			projectRoot = "";
			targets = (
				E14265F322421C05006399D2 /* JourneyPlanner */,
				41FFC1DF227FEFF600AED351 /* JourneyPlannerTests */,
			);
		};
/* End PBXProject section */

/* Begin PBXResourcesBuildPhase section */
		41FFC1DE227FEFF600AED351 /* Resources */ = {
			isa = PBXResourcesBuildPhase;
			buildActionMask = 2147483647;
			files = (
			);
			runOnlyForDeploymentPostprocessing = 0;
		};
		E14265F222421C05006399D2 /* Resources */ = {
			isa = PBXResourcesBuildPhase;
			buildActionMask = 2147483647;
			files = (
				E142660422421C06006399D2 /* LaunchScreen.storyboard in Resources */,
				E142660122421C06006399D2 /* Assets.xcassets in Resources */,
				E14265FF22421C06006399D2 /* Main.storyboard in Resources */,
			);
			runOnlyForDeploymentPostprocessing = 0;
		};
/* End PBXResourcesBuildPhase section */

/* Begin PBXShellScriptBuildPhase section */
		851061EC85F9D3916C744742 /* [CP] Embed Pods Frameworks */ = {
			isa = PBXShellScriptBuildPhase;
			buildActionMask = 2147483647;
			files = (
			);
			inputFileListPaths = (
			);
			inputPaths = (
				"${PODS_ROOT}/Target Support Files/Pods-JourneyPlanner/Pods-JourneyPlanner-frameworks.sh",
				"${BUILT_PRODUCTS_DIR}/Alamofire/Alamofire.framework",
				"${BUILT_PRODUCTS_DIR}/NVActivityIndicatorView/NVActivityIndicatorView.framework",
				"${BUILT_PRODUCTS_DIR}/SwiftyJSON/SwiftyJSON.framework",
			);
			name = "[CP] Embed Pods Frameworks";
			outputFileListPaths = (
			);
			outputPaths = (
				"${TARGET_BUILD_DIR}/${FRAMEWORKS_FOLDER_PATH}/Alamofire.framework",
				"${TARGET_BUILD_DIR}/${FRAMEWORKS_FOLDER_PATH}/NVActivityIndicatorView.framework",
				"${TARGET_BUILD_DIR}/${FRAMEWORKS_FOLDER_PATH}/SwiftyJSON.framework",
			);
			runOnlyForDeploymentPostprocessing = 0;
			shellPath = /bin/sh;
			shellScript = "\"${PODS_ROOT}/Target Support Files/Pods-JourneyPlanner/Pods-JourneyPlanner-frameworks.sh\"\n";
			showEnvVarsInLog = 0;
		};
		ED8FA39C4C7BF00E34472633 /* [CP] Check Pods Manifest.lock */ = {
			isa = PBXShellScriptBuildPhase;
			buildActionMask = 2147483647;
			files = (
			);
			inputFileListPaths = (
			);
			inputPaths = (
				"${PODS_PODFILE_DIR_PATH}/Podfile.lock",
				"${PODS_ROOT}/Manifest.lock",
			);
			name = "[CP] Check Pods Manifest.lock";
			outputFileListPaths = (
			);
			outputPaths = (
				"$(DERIVED_FILE_DIR)/Pods-JourneyPlanner-checkManifestLockResult.txt",
			);
			runOnlyForDeploymentPostprocessing = 0;
			shellPath = /bin/sh;
			shellScript = "diff \"${PODS_PODFILE_DIR_PATH}/Podfile.lock\" \"${PODS_ROOT}/Manifest.lock\" > /dev/null\nif [ $? != 0 ] ; then\n    # print error to STDERR\n    echo \"error: The sandbox is not in sync with the Podfile.lock. Run 'pod install' or update your CocoaPods installation.\" >&2\n    exit 1\nfi\n# This output is used by Xcode 'outputs' to avoid re-running this script phase.\necho \"SUCCESS\" > \"${SCRIPT_OUTPUT_FILE_0}\"\n";
			showEnvVarsInLog = 0;
		};
/* End PBXShellScriptBuildPhase section */

/* Begin PBXSourcesBuildPhase section */
		41FFC1DC227FEFF600AED351 /* Sources */ = {
			isa = PBXSourcesBuildPhase;
			buildActionMask = 2147483647;
			files = (
				41FFC1ED227FF33300AED351 /* TripPlanTest.swift in Sources */,
				41FFC1EF227FFBE400AED351 /* 111.swift in Sources */,
			);
			runOnlyForDeploymentPostprocessing = 0;
		};
		E14265F022421C05006399D2 /* Sources */ = {
			isa = PBXSourcesBuildPhase;
			buildActionMask = 2147483647;
			files = (
				41D06C8D229809D900A7584C /* MemoViewController.swift in Sources */,
				41C818DD227D378300ED125D /* Explore_ViewController.swift in Sources */,
				416AF92E226F1ECE00FF4FF6 /* SmallPlanInformation.swift in Sources */,
				E14265FC22421C06006399D2 /* SecondViewController.swift in Sources */,
				A8D2DC44228840D200F490F8 /* RouteSelectTableViewCell.swift in Sources */,
				A8D2DC4822890C0700F490F8 /* RouteListViewController.swift in Sources */,
				41E058342277172700BFF264 /* tripDetailViewController.swift in Sources */,
				8C3236722285232600BD0DB2 /* FavouriteViewController.m in Sources */,
				8C32369822854A6100BD0DB2 /* FMResultSet.m in Sources */,
				8C32369E22854AA000BD0DB2 /* Persistent.m in Sources */,
				8C3236832285248800BD0DB2 /* SWUtilityButtonView.m in Sources */,
				41DE7A992268846100CB9D79 /* CityGuideInfo.swift in Sources */,
				8C3236872285248800BD0DB2 /* SWTableViewCell.m in Sources */,
				8C32369422854A6100BD0DB2 /* FMDatabaseQueue.m in Sources */,
				A8F66BA32297908E00B7118E /* RoutePreviewCell.swift in Sources */,
				8C32366F2285230B00BD0DB2 /* Favourite.m in Sources */,
				416AF930226F21F700FF4FF6 /* TripPlan.swift in Sources */,
				E127EDE2227C053D00386D84 /* weatherf.swift in Sources */,
				4135DD29229553B000467DD0 /* PlanCityViewController.swift in Sources */,
				E1CD9FE02285B6D3007A116F /* CuisineCell.swift in Sources */,
				8C32369622854A6100BD0DB2 /* FMDatabase.m in Sources */,
				419DCFF2229623FE00468509 /* AttractionDetailTableViewCell.swift in Sources */,
				E1CD9FDE2285B660007A116F /* ShowMoreCell.swift in Sources */,
				416391DE229A511700EC9636 /* SelectDestinationTableViewCell.swift in Sources */,
				A8F66BA6229AE09C00B7118E /* RouteAttractionCell.swift in Sources */,
				A8F66BAA229AE24B00B7118E /* RouteAttractionController.swift in Sources */,
				DB2B63852297DB7400028D96 /* NameViewController.swift in Sources */,
				4124D20F226C8335001CD1F2 /* LocationInformation.swift in Sources */,
				4135DD2D22956F6500467DD0 /* PlanDetailViewController.swift in Sources */,
				8C3236862285248800BD0DB2 /* NSMutableArray+SWUtilityButtons.m in Sources */,
				E118498E2279B5CA00731D9A /* WeatherForcastController.swift in Sources */,
				8C3236A222854AF800BD0DB2 /* DBManager.m in Sources */,
				DB70F64E2296A1470053DA50 /* Perference.m in Sources */,
				8C3236822285248800BD0DB2 /* SWCellScrollView.m in Sources */,
				DB70F64B22969DD40053DA50 /* PerferenceDao.m in Sources */,
				419DCFF0229622C800468509 /* PlanDetailMapTableViewCell.swift in Sources */,
				E14265F822421C06006399D2 /* AppDelegate.swift in Sources */,
				8C32369722854A6100BD0DB2 /* FMDatabasePool.m in Sources */,
				E11C2A0A227E8FE50076B33B /* Resturant.swift in Sources */,
				419DCFEE2296220C00468509 /* PlanDetailStayLengthTableViewCell.swift in Sources */,
				8C3236842285248800BD0DB2 /* SWUtilityButtonTapGestureRecognizer.m in Sources */,
				A8F66BA12297902300B7118E /* RoutePreviewController.swift in Sources */,
				A8D2DC4E228980DD00F490F8 /* RouteInformation.swift in Sources */,
				E14265FA22421C06006399D2 /* Home_ViewController.swift in Sources */,
				8C3236A522854B6200BD0DB2 /* FavouriteDao.m in Sources */,
				8C32369522854A6100BD0DB2 /* FMDatabaseAdditions.m in Sources */,
				E11C2A08227E8FE50076B33B /* ResturantRecommandedController.swift in Sources */,
				DB7D5EA8227FDFCE005911F5 /* PerferenceViewController.swift in Sources */,
				E11849922279B65100731D9A /* WeatherCellController.swift in Sources */,
				A890A60622919DAE002719C9 /* CityListInformation.swift in Sources */,
				8C3236852285248800BD0DB2 /* SWLongPressGestureRecognizer.m in Sources */,
				A890A60422919C3D002719C9 /* AttractionInformation.swift in Sources */,
				410AED4A226F13A400998F9E /* PlanViewController.swift in Sources */,
				E11C2A09227E8FE50076B33B /* ResturantCellController.swift in Sources */,
				416391DC229A402600EC9636 /* SelectDestinationViewController.swift in Sources */,
				41B448B1226C39E600763AE4 /* SelectCityViewController.swift in Sources */,
				A890A60D2291A1FB002719C9 /* PlanInformations.swift in Sources */,
				4135DD2B22955AE600467DD0 /* PlanCityTableViewCell.swift in Sources */,
				A8A176092297751D00C39C33 /* RouteSelectCityCell.swift in Sources */,
				E11F14BB2280D74300A36DE9 /* ZomatoWeb.swift in Sources */,
				41469839229BF09E004AB978 /* Tab_UserViewController.swift in Sources */,
				415FFF26227020C0003394B3 /* SearchMapTableViewController.swift in Sources */,
				8C32369F22854AA000BD0DB2 /* NSObject+SQL.m in Sources */,
				410AED48226EE51300998F9E /* MapViewController.swift in Sources */,
				A8A17607229774F300C39C33 /* RouteSelectCityController.swift in Sources */,
				41E05838227931BC00BFF264 /* AboutViewController.swift in Sources */,
				419508DB229CE6E6006C6365 /* DataBaseTestViewController.swift in Sources */,
				416CEB98226F3E6F0039F773 /* PlanTableViewCell.swift in Sources */,
			);
			runOnlyForDeploymentPostprocessing = 0;
		};
/* End PBXSourcesBuildPhase section */

/* Begin PBXTargetDependency section */
		41FFC1E6227FEFF600AED351 /* PBXTargetDependency */ = {
			isa = PBXTargetDependency;
			target = E14265F322421C05006399D2 /* JourneyPlanner */;
			targetProxy = 41FFC1E5227FEFF600AED351 /* PBXContainerItemProxy */;
		};
/* End PBXTargetDependency section */

/* Begin PBXVariantGroup section */
		E14265FD22421C06006399D2 /* Main.storyboard */ = {
			isa = PBXVariantGroup;
			children = (
				E14265FE22421C06006399D2 /* Base */,
			);
			name = Main.storyboard;
			sourceTree = "<group>";
		};
		E142660222421C06006399D2 /* LaunchScreen.storyboard */ = {
			isa = PBXVariantGroup;
			children = (
				E142660322421C06006399D2 /* Base */,
			);
			name = LaunchScreen.storyboard;
			sourceTree = "<group>";
		};
/* End PBXVariantGroup section */

/* Begin XCBuildConfiguration section */
		41FFC1E8227FEFF600AED351 /* Debug */ = {
			isa = XCBuildConfiguration;
			buildSettings = {
				BUNDLE_LOADER = "$(TEST_HOST)";
				CLANG_ENABLE_MODULES = YES;
				CODE_SIGN_STYLE = Automatic;
				DEVELOPMENT_TEAM = DKF5N7ADSC;
				INFOPLIST_FILE = JourneyPlannerTests/Info.plist;
				IPHONEOS_DEPLOYMENT_TARGET = 12.2;
				LD_RUNPATH_SEARCH_PATHS = (
					"$(inherited)",
					"@executable_path/Frameworks",
					"@loader_path/Frameworks",
				);
				PRODUCT_BUNDLE_IDENTIFIER = com.JourneyPlannerTests;
				PRODUCT_NAME = "$(TARGET_NAME)";
				SWIFT_OPTIMIZATION_LEVEL = "-Onone";
				SWIFT_VERSION = 5.0;
				TARGETED_DEVICE_FAMILY = "1,2";
				TEST_HOST = "$(BUILT_PRODUCTS_DIR)/JourneyPlanner.app/JourneyPlanner";
			};
			name = Debug;
		};
		41FFC1E9227FEFF600AED351 /* Release */ = {
			isa = XCBuildConfiguration;
			buildSettings = {
				BUNDLE_LOADER = "$(TEST_HOST)";
				CLANG_ENABLE_MODULES = YES;
				CODE_SIGN_STYLE = Automatic;
				DEVELOPMENT_TEAM = DKF5N7ADSC;
				INFOPLIST_FILE = JourneyPlannerTests/Info.plist;
				IPHONEOS_DEPLOYMENT_TARGET = 12.2;
				LD_RUNPATH_SEARCH_PATHS = (
					"$(inherited)",
					"@executable_path/Frameworks",
					"@loader_path/Frameworks",
				);
				PRODUCT_BUNDLE_IDENTIFIER = com.JourneyPlannerTests;
				PRODUCT_NAME = "$(TARGET_NAME)";
				SWIFT_VERSION = 5.0;
				TARGETED_DEVICE_FAMILY = "1,2";
				TEST_HOST = "$(BUILT_PRODUCTS_DIR)/JourneyPlanner.app/JourneyPlanner";
			};
			name = Release;
		};
		E142660622421C06006399D2 /* Debug */ = {
			isa = XCBuildConfiguration;
			buildSettings = {
				ALWAYS_SEARCH_USER_PATHS = NO;
				CLANG_ANALYZER_NONNULL = YES;
				CLANG_ANALYZER_NUMBER_OBJECT_CONVERSION = YES_AGGRESSIVE;
				CLANG_CXX_LANGUAGE_STANDARD = "gnu++14";
				CLANG_CXX_LIBRARY = "libc++";
				CLANG_ENABLE_MODULES = YES;
				CLANG_ENABLE_OBJC_ARC = YES;
				CLANG_ENABLE_OBJC_WEAK = YES;
				CLANG_WARN_BLOCK_CAPTURE_AUTORELEASING = YES;
				CLANG_WARN_BOOL_CONVERSION = YES;
				CLANG_WARN_COMMA = YES;
				CLANG_WARN_CONSTANT_CONVERSION = YES;
				CLANG_WARN_DEPRECATED_OBJC_IMPLEMENTATIONS = YES;
				CLANG_WARN_DIRECT_OBJC_ISA_USAGE = YES_ERROR;
				CLANG_WARN_DOCUMENTATION_COMMENTS = YES;
				CLANG_WARN_EMPTY_BODY = YES;
				CLANG_WARN_ENUM_CONVERSION = YES;
				CLANG_WARN_INFINITE_RECURSION = YES;
				CLANG_WARN_INT_CONVERSION = YES;
				CLANG_WARN_NON_LITERAL_NULL_CONVERSION = YES;
				CLANG_WARN_OBJC_IMPLICIT_RETAIN_SELF = YES;
				CLANG_WARN_OBJC_LITERAL_CONVERSION = YES;
				CLANG_WARN_OBJC_ROOT_CLASS = YES_ERROR;
				CLANG_WARN_RANGE_LOOP_ANALYSIS = YES;
				CLANG_WARN_STRICT_PROTOTYPES = YES;
				CLANG_WARN_SUSPICIOUS_MOVE = YES;
				CLANG_WARN_UNGUARDED_AVAILABILITY = YES_AGGRESSIVE;
				CLANG_WARN_UNREACHABLE_CODE = YES;
				CLANG_WARN__DUPLICATE_METHOD_MATCH = YES;
				CODE_SIGN_IDENTITY = "iPhone Developer";
				COPY_PHASE_STRIP = NO;
				DEBUG_INFORMATION_FORMAT = dwarf;
				ENABLE_STRICT_OBJC_MSGSEND = YES;
				ENABLE_TESTABILITY = YES;
				GCC_C_LANGUAGE_STANDARD = gnu11;
				GCC_DYNAMIC_NO_PIC = NO;
				GCC_NO_COMMON_BLOCKS = YES;
				GCC_OPTIMIZATION_LEVEL = 0;
				GCC_PREPROCESSOR_DEFINITIONS = (
					"DEBUG=1",
					"$(inherited)",
				);
				GCC_WARN_64_TO_32_BIT_CONVERSION = YES;
				GCC_WARN_ABOUT_RETURN_TYPE = YES_ERROR;
				GCC_WARN_UNDECLARED_SELECTOR = YES;
				GCC_WARN_UNINITIALIZED_AUTOS = YES_AGGRESSIVE;
				GCC_WARN_UNUSED_FUNCTION = YES;
				GCC_WARN_UNUSED_VARIABLE = YES;
				IPHONEOS_DEPLOYMENT_TARGET = 12.1;
				MTL_ENABLE_DEBUG_INFO = INCLUDE_SOURCE;
				MTL_FAST_MATH = YES;
				ONLY_ACTIVE_ARCH = YES;
				SDKROOT = iphoneos;
				SWIFT_ACTIVE_COMPILATION_CONDITIONS = DEBUG;
				SWIFT_OPTIMIZATION_LEVEL = "-Onone";
			};
			name = Debug;
		};
		E142660722421C06006399D2 /* Release */ = {
			isa = XCBuildConfiguration;
			buildSettings = {
				ALWAYS_SEARCH_USER_PATHS = NO;
				CLANG_ANALYZER_NONNULL = YES;
				CLANG_ANALYZER_NUMBER_OBJECT_CONVERSION = YES_AGGRESSIVE;
				CLANG_CXX_LANGUAGE_STANDARD = "gnu++14";
				CLANG_CXX_LIBRARY = "libc++";
				CLANG_ENABLE_MODULES = YES;
				CLANG_ENABLE_OBJC_ARC = YES;
				CLANG_ENABLE_OBJC_WEAK = YES;
				CLANG_WARN_BLOCK_CAPTURE_AUTORELEASING = YES;
				CLANG_WARN_BOOL_CONVERSION = YES;
				CLANG_WARN_COMMA = YES;
				CLANG_WARN_CONSTANT_CONVERSION = YES;
				CLANG_WARN_DEPRECATED_OBJC_IMPLEMENTATIONS = YES;
				CLANG_WARN_DIRECT_OBJC_ISA_USAGE = YES_ERROR;
				CLANG_WARN_DOCUMENTATION_COMMENTS = YES;
				CLANG_WARN_EMPTY_BODY = YES;
				CLANG_WARN_ENUM_CONVERSION = YES;
				CLANG_WARN_INFINITE_RECURSION = YES;
				CLANG_WARN_INT_CONVERSION = YES;
				CLANG_WARN_NON_LITERAL_NULL_CONVERSION = YES;
				CLANG_WARN_OBJC_IMPLICIT_RETAIN_SELF = YES;
				CLANG_WARN_OBJC_LITERAL_CONVERSION = YES;
				CLANG_WARN_OBJC_ROOT_CLASS = YES_ERROR;
				CLANG_WARN_RANGE_LOOP_ANALYSIS = YES;
				CLANG_WARN_STRICT_PROTOTYPES = YES;
				CLANG_WARN_SUSPICIOUS_MOVE = YES;
				CLANG_WARN_UNGUARDED_AVAILABILITY = YES_AGGRESSIVE;
				CLANG_WARN_UNREACHABLE_CODE = YES;
				CLANG_WARN__DUPLICATE_METHOD_MATCH = YES;
				CODE_SIGN_IDENTITY = "iPhone Developer";
				COPY_PHASE_STRIP = NO;
				DEBUG_INFORMATION_FORMAT = "dwarf-with-dsym";
				ENABLE_NS_ASSERTIONS = NO;
				ENABLE_STRICT_OBJC_MSGSEND = YES;
				GCC_C_LANGUAGE_STANDARD = gnu11;
				GCC_NO_COMMON_BLOCKS = YES;
				GCC_WARN_64_TO_32_BIT_CONVERSION = YES;
				GCC_WARN_ABOUT_RETURN_TYPE = YES_ERROR;
				GCC_WARN_UNDECLARED_SELECTOR = YES;
				GCC_WARN_UNINITIALIZED_AUTOS = YES_AGGRESSIVE;
				GCC_WARN_UNUSED_FUNCTION = YES;
				GCC_WARN_UNUSED_VARIABLE = YES;
				IPHONEOS_DEPLOYMENT_TARGET = 12.1;
				MTL_ENABLE_DEBUG_INFO = NO;
				MTL_FAST_MATH = YES;
				SDKROOT = iphoneos;
				SWIFT_COMPILATION_MODE = wholemodule;
				SWIFT_OPTIMIZATION_LEVEL = "-O";
				VALIDATE_PRODUCT = YES;
			};
			name = Release;
		};
		E142660922421C06006399D2 /* Debug */ = {
			isa = XCBuildConfiguration;
			baseConfigurationReference = EFA350BB1C3D190A14111C95 /* Pods-JourneyPlanner.debug.xcconfig */;
			buildSettings = {
				ASSETCATALOG_COMPILER_APPICON_NAME = AppIcon;
				CODE_SIGN_STYLE = Automatic;
				DEVELOPMENT_TEAM = DKF5N7ADSC;
				FRAMEWORK_SEARCH_PATHS = (
					"$(inherited)",
					"$(PROJECT_DIR)",
				);
				INFOPLIST_FILE = JourneyPlanner/Info.plist;
				LD_RUNPATH_SEARCH_PATHS = (
					"$(inherited)",
					"@executable_path/Frameworks",
				);
				PRODUCT_BUNDLE_IDENTIFIER = com.JourneyPlannerDTC;
				PRODUCT_NAME = "$(TARGET_NAME)";
				SWIFT_OBJC_BRIDGING_HEADER = "$(SRCROOT)/JourneyPlanner/Header-OCSwift.h";
				SWIFT_VERSION = 4.2;
				TARGETED_DEVICE_FAMILY = 1;
			};
			name = Debug;
		};
		E142660A22421C06006399D2 /* Release */ = {
			isa = XCBuildConfiguration;
			baseConfigurationReference = 19305341977E0C9D7C33E2EC /* Pods-JourneyPlanner.release.xcconfig */;
			buildSettings = {
				ASSETCATALOG_COMPILER_APPICON_NAME = AppIcon;
				CODE_SIGN_STYLE = Automatic;
				DEVELOPMENT_TEAM = DKF5N7ADSC;
				FRAMEWORK_SEARCH_PATHS = (
					"$(inherited)",
					"$(PROJECT_DIR)",
				);
				INFOPLIST_FILE = JourneyPlanner/Info.plist;
				LD_RUNPATH_SEARCH_PATHS = (
					"$(inherited)",
					"@executable_path/Frameworks",
				);
				PRODUCT_BUNDLE_IDENTIFIER = com.JourneyPlannerDTC;
				PRODUCT_NAME = "$(TARGET_NAME)";
				SWIFT_OBJC_BRIDGING_HEADER = "$(SRCROOT)/JourneyPlanner/Header-OCSwift.h";
				SWIFT_VERSION = 4.2;
				TARGETED_DEVICE_FAMILY = 1;
			};
			name = Release;
		};
/* End XCBuildConfiguration section */

/* Begin XCConfigurationList section */
		41FFC1E7227FEFF600AED351 /* Build configuration list for PBXNativeTarget "JourneyPlannerTests" */ = {
			isa = XCConfigurationList;
			buildConfigurations = (
				41FFC1E8227FEFF600AED351 /* Debug */,
				41FFC1E9227FEFF600AED351 /* Release */,
			);
			defaultConfigurationIsVisible = 0;
			defaultConfigurationName = Release;
		};
		E14265EF22421C05006399D2 /* Build configuration list for PBXProject "JourneyPlanner" */ = {
			isa = XCConfigurationList;
			buildConfigurations = (
				E142660622421C06006399D2 /* Debug */,
				E142660722421C06006399D2 /* Release */,
			);
			defaultConfigurationIsVisible = 0;
			defaultConfigurationName = Release;
		};
		E142660822421C06006399D2 /* Build configuration list for PBXNativeTarget "JourneyPlanner" */ = {
			isa = XCConfigurationList;
			buildConfigurations = (
				E142660922421C06006399D2 /* Debug */,
				E142660A22421C06006399D2 /* Release */,
			);
			defaultConfigurationIsVisible = 0;
			defaultConfigurationName = Release;
		};
/* End XCConfigurationList section */
	};
	rootObject = E14265EC22421C05006399D2 /* Project object */;
}
