// !$*UTF8*$!
{
	archiveVersion = 1;
	classes = {
	};
	objectVersion = 50;
	objects = {

/* Begin PBXBuildFile section */
		410AED48226EE51300998F9E /* MapViewController.swift in Sources */ = {isa = PBXBuildFile; fileRef = 410AED47226EE51200998F9E /* MapViewController.swift */; };
		410AED4A226F13A400998F9E /* PlanViewController.swift in Sources */ = {isa = PBXBuildFile; fileRef = 410AED49226F13A400998F9E /* PlanViewController.swift */; };
		4124D20F226C8335001CD1F2 /* LocationInformation.swift in Sources */ = {isa = PBXBuildFile; fileRef = 4124D20E226C8335001CD1F2 /* LocationInformation.swift */; };
		415FFF26227020C0003394B3 /* SearchMapTableViewController.swift in Sources */ = {isa = PBXBuildFile; fileRef = 415FFF25227020C0003394B3 /* SearchMapTableViewController.swift */; };
		416AF92E226F1ECE00FF4FF6 /* SmallPlanInformation.swift in Sources */ = {isa = PBXBuildFile; fileRef = 416AF92D226F1ECE00FF4FF6 /* SmallPlanInformation.swift */; };
		416AF930226F21F700FF4FF6 /* TripPlan.swift in Sources */ = {isa = PBXBuildFile; fileRef = 416AF92F226F21F700FF4FF6 /* TripPlan.swift */; };
		416CEB98226F3E6F0039F773 /* PlanTableViewCell.swift in Sources */ = {isa = PBXBuildFile; fileRef = 416CEB97226F3E6F0039F773 /* PlanTableViewCell.swift */; };
		41B2170C226FF2D700374707 /* PlanDetailViewController.swift in Sources */ = {isa = PBXBuildFile; fileRef = 41B2170B226FF2D700374707 /* PlanDetailViewController.swift */; };
		41B448B1226C39E600763AE4 /* SelectCityViewController.swift in Sources */ = {isa = PBXBuildFile; fileRef = 41B448B0226C39E600763AE4 /* SelectCityViewController.swift */; };
		41DE7A992268846100CB9D79 /* CityGuideInfo.swift in Sources */ = {isa = PBXBuildFile; fileRef = 41DE7A982268846100CB9D79 /* CityGuideInfo.swift */; };
		E14265F822421C06006399D2 /* AppDelegate.swift in Sources */ = {isa = PBXBuildFile; fileRef = E14265F722421C06006399D2 /* AppDelegate.swift */; };
		E14265FA22421C06006399D2 /* Home_ViewController.swift in Sources */ = {isa = PBXBuildFile; fileRef = E14265F922421C06006399D2 /* Home_ViewController.swift */; };
		E14265FC22421C06006399D2 /* SecondViewController.swift in Sources */ = {isa = PBXBuildFile; fileRef = E14265FB22421C06006399D2 /* SecondViewController.swift */; };
		E14265FF22421C06006399D2 /* Main.storyboard in Resources */ = {isa = PBXBuildFile; fileRef = E14265FD22421C06006399D2 /* Main.storyboard */; };
		E142660122421C06006399D2 /* Assets.xcassets in Resources */ = {isa = PBXBuildFile; fileRef = E142660022421C06006399D2 /* Assets.xcassets */; };
		E142660422421C06006399D2 /* LaunchScreen.storyboard in Resources */ = {isa = PBXBuildFile; fileRef = E142660222421C06006399D2 /* LaunchScreen.storyboard */; };
/* End PBXBuildFile section */

/* Begin PBXFileReference section */
		410AED47226EE51200998F9E /* MapViewController.swift */ = {isa = PBXFileReference; lastKnownFileType = sourcecode.swift; path = MapViewController.swift; sourceTree = "<group>"; };
		410AED49226F13A400998F9E /* PlanViewController.swift */ = {isa = PBXFileReference; lastKnownFileType = sourcecode.swift; path = PlanViewController.swift; sourceTree = "<group>"; };
		4124D20E226C8335001CD1F2 /* LocationInformation.swift */ = {isa = PBXFileReference; lastKnownFileType = sourcecode.swift; path = LocationInformation.swift; sourceTree = "<group>"; };
		415FFF25227020C0003394B3 /* SearchMapTableViewController.swift */ = {isa = PBXFileReference; lastKnownFileType = sourcecode.swift; path = SearchMapTableViewController.swift; sourceTree = "<group>"; };
		416AF92D226F1ECE00FF4FF6 /* SmallPlanInformation.swift */ = {isa = PBXFileReference; lastKnownFileType = sourcecode.swift; path = SmallPlanInformation.swift; sourceTree = "<group>"; };
		416AF92F226F21F700FF4FF6 /* TripPlan.swift */ = {isa = PBXFileReference; lastKnownFileType = sourcecode.swift; path = TripPlan.swift; sourceTree = "<group>"; };
		416CEB97226F3E6F0039F773 /* PlanTableViewCell.swift */ = {isa = PBXFileReference; lastKnownFileType = sourcecode.swift; path = PlanTableViewCell.swift; sourceTree = "<group>"; };
		41B2170B226FF2D700374707 /* PlanDetailViewController.swift */ = {isa = PBXFileReference; lastKnownFileType = sourcecode.swift; path = PlanDetailViewController.swift; sourceTree = "<group>"; };
		41B448B0226C39E600763AE4 /* SelectCityViewController.swift */ = {isa = PBXFileReference; lastKnownFileType = sourcecode.swift; path = SelectCityViewController.swift; sourceTree = "<group>"; };
		41DE7A982268846100CB9D79 /* CityGuideInfo.swift */ = {isa = PBXFileReference; lastKnownFileType = sourcecode.swift; path = CityGuideInfo.swift; sourceTree = "<group>"; };
		E14265F422421C05006399D2 /* JourneyPlanner.app */ = {isa = PBXFileReference; explicitFileType = wrapper.application; includeInIndex = 0; path = JourneyPlanner.app; sourceTree = BUILT_PRODUCTS_DIR; };
		E14265F722421C06006399D2 /* AppDelegate.swift */ = {isa = PBXFileReference; lastKnownFileType = sourcecode.swift; path = AppDelegate.swift; sourceTree = "<group>"; };
		E14265F922421C06006399D2 /* Home_ViewController.swift */ = {isa = PBXFileReference; lastKnownFileType = sourcecode.swift; path = Home_ViewController.swift; sourceTree = "<group>"; };
		E14265FB22421C06006399D2 /* SecondViewController.swift */ = {isa = PBXFileReference; lastKnownFileType = sourcecode.swift; path = SecondViewController.swift; sourceTree = "<group>"; };
		E14265FE22421C06006399D2 /* Base */ = {isa = PBXFileReference; lastKnownFileType = file.storyboard; name = Base; path = Base.lproj/Main.storyboard; sourceTree = "<group>"; };
		E142660022421C06006399D2 /* Assets.xcassets */ = {isa = PBXFileReference; lastKnownFileType = folder.assetcatalog; path = Assets.xcassets; sourceTree = "<group>"; };
		E142660322421C06006399D2 /* Base */ = {isa = PBXFileReference; lastKnownFileType = file.storyboard; name = Base; path = Base.lproj/LaunchScreen.storyboard; sourceTree = "<group>"; };
		E142660522421C06006399D2 /* Info.plist */ = {isa = PBXFileReference; lastKnownFileType = text.plist.xml; path = Info.plist; sourceTree = "<group>"; };
/* End PBXFileReference section */

/* Begin PBXFrameworksBuildPhase section */
		E14265F122421C05006399D2 /* Frameworks */ = {
			isa = PBXFrameworksBuildPhase;
			buildActionMask = 2147483647;
			files = (
			);
			runOnlyForDeploymentPostprocessing = 0;
		};
/* End PBXFrameworksBuildPhase section */

/* Begin PBXGroup section */
		E14265EB22421C05006399D2 = {
			isa = PBXGroup;
			children = (
				E14265F622421C05006399D2 /* JourneyPlanner */,
				E14265F522421C05006399D2 /* Products */,
			);
			sourceTree = "<group>";
		};
		E14265F522421C05006399D2 /* Products */ = {
			isa = PBXGroup;
			children = (
				E14265F422421C05006399D2 /* JourneyPlanner.app */,
			);
			name = Products;
			sourceTree = "<group>";
		};
		E14265F622421C05006399D2 /* JourneyPlanner */ = {
			isa = PBXGroup;
			children = (
				E14265F722421C06006399D2 /* AppDelegate.swift */,
				E14265F922421C06006399D2 /* Home_ViewController.swift */,
				E14265FB22421C06006399D2 /* SecondViewController.swift */,
				E14265FD22421C06006399D2 /* Main.storyboard */,
				E142660022421C06006399D2 /* Assets.xcassets */,
				E142660222421C06006399D2 /* LaunchScreen.storyboard */,
				E142660522421C06006399D2 /* Info.plist */,
				41DE7A982268846100CB9D79 /* CityGuideInfo.swift */,
				4124D20E226C8335001CD1F2 /* LocationInformation.swift */,
				410AED47226EE51200998F9E /* MapViewController.swift */,
				416AF92D226F1ECE00FF4FF6 /* SmallPlanInformation.swift */,
				416AF92F226F21F700FF4FF6 /* TripPlan.swift */,
				410AED49226F13A400998F9E /* PlanViewController.swift */,
				416CEB97226F3E6F0039F773 /* PlanTableViewCell.swift */,
				41B2170B226FF2D700374707 /* PlanDetailViewController.swift */,
				415FFF25227020C0003394B3 /* SearchMapTableViewController.swift */,
				41B448B0226C39E600763AE4 /* SelectCityViewController.swift */,
			);
			path = JourneyPlanner;
			sourceTree = "<group>";
		};
/* End PBXGroup section */

/* Begin PBXNativeTarget section */
		E14265F322421C05006399D2 /* JourneyPlanner */ = {
			isa = PBXNativeTarget;
			buildConfigurationList = E142660822421C06006399D2 /* Build configuration list for PBXNativeTarget "JourneyPlanner" */;
			buildPhases = (
				E14265F022421C05006399D2 /* Sources */,
				E14265F122421C05006399D2 /* Frameworks */,
				E14265F222421C05006399D2 /* Resources */,
			);
			buildRules = (
			);
			dependencies = (
			);
			name = JourneyPlanner;
			productName = JourneyPlanner;
			productReference = E14265F422421C05006399D2 /* JourneyPlanner.app */;
			productType = "com.apple.product-type.application";
		};
/* End PBXNativeTarget section */

/* Begin PBXProject section */
		E14265EC22421C05006399D2 /* Project object */ = {
			isa = PBXProject;
			attributes = {
				LastSwiftUpdateCheck = 1010;
				LastUpgradeCheck = 1010;
				ORGANIZATIONNAME = RuotongX;
				TargetAttributes = {
					E14265F322421C05006399D2 = {
						CreatedOnToolsVersion = 10.1;
					};
				};
			};
			buildConfigurationList = E14265EF22421C05006399D2 /* Build configuration list for PBXProject "JourneyPlanner" */;
			compatibilityVersion = "Xcode 9.3";
			developmentRegion = en;
			hasScannedForEncodings = 0;
			knownRegions = (
				en,
				Base,
			);
			mainGroup = E14265EB22421C05006399D2;
			productRefGroup = E14265F522421C05006399D2 /* Products */;
			projectDirPath = "";
			projectRoot = "";
			targets = (
				E14265F322421C05006399D2 /* JourneyPlanner */,
			);
		};
/* End PBXProject section */

/* Begin PBXResourcesBuildPhase section */
		E14265F222421C05006399D2 /* Resources */ = {
			isa = PBXResourcesBuildPhase;
			buildActionMask = 2147483647;
			files = (
				E142660422421C06006399D2 /* LaunchScreen.storyboard in Resources */,
				E142660122421C06006399D2 /* Assets.xcassets in Resources */,
				E14265FF22421C06006399D2 /* Main.storyboard in Resources */,
			);
			runOnlyForDeploymentPostprocessing = 0;
		};
/* End PBXResourcesBuildPhase section */

/* Begin PBXSourcesBuildPhase section */
		E14265F022421C05006399D2 /* Sources */ = {
			isa = PBXSourcesBuildPhase;
			buildActionMask = 2147483647;
			files = (
				416AF92E226F1ECE00FF4FF6 /* SmallPlanInformation.swift in Sources */,
				E14265FC22421C06006399D2 /* SecondViewController.swift in Sources */,
				41B2170C226FF2D700374707 /* PlanDetailViewController.swift in Sources */,
				41DE7A992268846100CB9D79 /* CityGuideInfo.swift in Sources */,
				416AF930226F21F700FF4FF6 /* TripPlan.swift in Sources */,
				4124D20F226C8335001CD1F2 /* LocationInformation.swift in Sources */,
				E14265F822421C06006399D2 /* AppDelegate.swift in Sources */,
				E14265FA22421C06006399D2 /* Home_ViewController.swift in Sources */,
				410AED4A226F13A400998F9E /* PlanViewController.swift in Sources */,
				41B448B1226C39E600763AE4 /* SelectCityViewController.swift in Sources */,
				415FFF26227020C0003394B3 /* SearchMapTableViewController.swift in Sources */,
				410AED48226EE51300998F9E /* MapViewController.swift in Sources */,
				416CEB98226F3E6F0039F773 /* PlanTableViewCell.swift in Sources */,
			);
			runOnlyForDeploymentPostprocessing = 0;
		};
/* End PBXSourcesBuildPhase section */

/* Begin PBXVariantGroup section */
		E14265FD22421C06006399D2 /* Main.storyboard */ = {
			isa = PBXVariantGroup;
			children = (
				E14265FE22421C06006399D2 /* Base */,
			);
			name = Main.storyboard;
			sourceTree = "<group>";
		};
		E142660222421C06006399D2 /* LaunchScreen.storyboard */ = {
			isa = PBXVariantGroup;
			children = (
				E142660322421C06006399D2 /* Base */,
			);
			name = LaunchScreen.storyboard;
			sourceTree = "<group>";
		};
/* End PBXVariantGroup section */

/* Begin XCBuildConfiguration section */
		E142660622421C06006399D2 /* Debug */ = {
			isa = XCBuildConfiguration;
			buildSettings = {
				ALWAYS_SEARCH_USER_PATHS = NO;
				CLANG_ANALYZER_NONNULL = YES;
				CLANG_ANALYZER_NUMBER_OBJECT_CONVERSION = YES_AGGRESSIVE;
				CLANG_CXX_LANGUAGE_STANDARD = "gnu++14";
				CLANG_CXX_LIBRARY = "libc++";
				CLANG_ENABLE_MODULES = YES;
				CLANG_ENABLE_OBJC_ARC = YES;
				CLANG_ENABLE_OBJC_WEAK = YES;
				CLANG_WARN_BLOCK_CAPTURE_AUTORELEASING = YES;
				CLANG_WARN_BOOL_CONVERSION = YES;
				CLANG_WARN_COMMA = YES;
				CLANG_WARN_CONSTANT_CONVERSION = YES;
				CLANG_WARN_DEPRECATED_OBJC_IMPLEMENTATIONS = YES;
				CLANG_WARN_DIRECT_OBJC_ISA_USAGE = YES_ERROR;
				CLANG_WARN_DOCUMENTATION_COMMENTS = YES;
				CLANG_WARN_EMPTY_BODY = YES;
				CLANG_WARN_ENUM_CONVERSION = YES;
				CLANG_WARN_INFINITE_RECURSION = YES;
				CLANG_WARN_INT_CONVERSION = YES;
				CLANG_WARN_NON_LITERAL_NULL_CONVERSION = YES;
				CLANG_WARN_OBJC_IMPLICIT_RETAIN_SELF = YES;
				CLANG_WARN_OBJC_LITERAL_CONVERSION = YES;
				CLANG_WARN_OBJC_ROOT_CLASS = YES_ERROR;
				CLANG_WARN_RANGE_LOOP_ANALYSIS = YES;
				CLANG_WARN_STRICT_PROTOTYPES = YES;
				CLANG_WARN_SUSPICIOUS_MOVE = YES;
				CLANG_WARN_UNGUARDED_AVAILABILITY = YES_AGGRESSIVE;
				CLANG_WARN_UNREACHABLE_CODE = YES;
				CLANG_WARN__DUPLICATE_METHOD_MATCH = YES;
				CODE_SIGN_IDENTITY = "iPhone Developer";
				COPY_PHASE_STRIP = NO;
				DEBUG_INFORMATION_FORMAT = dwarf;
				ENABLE_STRICT_OBJC_MSGSEND = YES;
				ENABLE_TESTABILITY = YES;
				GCC_C_LANGUAGE_STANDARD = gnu11;
				GCC_DYNAMIC_NO_PIC = NO;
				GCC_NO_COMMON_BLOCKS = YES;
				GCC_OPTIMIZATION_LEVEL = 0;
				GCC_PREPROCESSOR_DEFINITIONS = (
					"DEBUG=1",
					"$(inherited)",
				);
				GCC_WARN_64_TO_32_BIT_CONVERSION = YES;
				GCC_WARN_ABOUT_RETURN_TYPE = YES_ERROR;
				GCC_WARN_UNDECLARED_SELECTOR = YES;
				GCC_WARN_UNINITIALIZED_AUTOS = YES_AGGRESSIVE;
				GCC_WARN_UNUSED_FUNCTION = YES;
				GCC_WARN_UNUSED_VARIABLE = YES;
				IPHONEOS_DEPLOYMENT_TARGET = 12.1;
				MTL_ENABLE_DEBUG_INFO = INCLUDE_SOURCE;
				MTL_FAST_MATH = YES;
				ONLY_ACTIVE_ARCH = YES;
				SDKROOT = iphoneos;
				SWIFT_ACTIVE_COMPILATION_CONDITIONS = DEBUG;
				SWIFT_OPTIMIZATION_LEVEL = "-Onone";
			};
			name = Debug;
		};
		E142660722421C06006399D2 /* Release */ = {
			isa = XCBuildConfiguration;
			buildSettings = {
				ALWAYS_SEARCH_USER_PATHS = NO;
				CLANG_ANALYZER_NONNULL = YES;
				CLANG_ANALYZER_NUMBER_OBJECT_CONVERSION = YES_AGGRESSIVE;
				CLANG_CXX_LANGUAGE_STANDARD = "gnu++14";
				CLANG_CXX_LIBRARY = "libc++";
				CLANG_ENABLE_MODULES = YES;
				CLANG_ENABLE_OBJC_ARC = YES;
				CLANG_ENABLE_OBJC_WEAK = YES;
				CLANG_WARN_BLOCK_CAPTURE_AUTORELEASING = YES;
				CLANG_WARN_BOOL_CONVERSION = YES;
				CLANG_WARN_COMMA = YES;
				CLANG_WARN_CONSTANT_CONVERSION = YES;
				CLANG_WARN_DEPRECATED_OBJC_IMPLEMENTATIONS = YES;
				CLANG_WARN_DIRECT_OBJC_ISA_USAGE = YES_ERROR;
				CLANG_WARN_DOCUMENTATION_COMMENTS = YES;
				CLANG_WARN_EMPTY_BODY = YES;
				CLANG_WARN_ENUM_CONVERSION = YES;
				CLANG_WARN_INFINITE_RECURSION = YES;
				CLANG_WARN_INT_CONVERSION = YES;
				CLANG_WARN_NON_LITERAL_NULL_CONVERSION = YES;
				CLANG_WARN_OBJC_IMPLICIT_RETAIN_SELF = YES;
				CLANG_WARN_OBJC_LITERAL_CONVERSION = YES;
				CLANG_WARN_OBJC_ROOT_CLASS = YES_ERROR;
				CLANG_WARN_RANGE_LOOP_ANALYSIS = YES;
				CLANG_WARN_STRICT_PROTOTYPES = YES;
				CLANG_WARN_SUSPICIOUS_MOVE = YES;
				CLANG_WARN_UNGUARDED_AVAILABILITY = YES_AGGRESSIVE;
				CLANG_WARN_UNREACHABLE_CODE = YES;
				CLANG_WARN__DUPLICATE_METHOD_MATCH = YES;
				CODE_SIGN_IDENTITY = "iPhone Developer";
				COPY_PHASE_STRIP = NO;
				DEBUG_INFORMATION_FORMAT = "dwarf-with-dsym";
				ENABLE_NS_ASSERTIONS = NO;
				ENABLE_STRICT_OBJC_MSGSEND = YES;
				GCC_C_LANGUAGE_STANDARD = gnu11;
				GCC_NO_COMMON_BLOCKS = YES;
				GCC_WARN_64_TO_32_BIT_CONVERSION = YES;
				GCC_WARN_ABOUT_RETURN_TYPE = YES_ERROR;
				GCC_WARN_UNDECLARED_SELECTOR = YES;
				GCC_WARN_UNINITIALIZED_AUTOS = YES_AGGRESSIVE;
				GCC_WARN_UNUSED_FUNCTION = YES;
				GCC_WARN_UNUSED_VARIABLE = YES;
				IPHONEOS_DEPLOYMENT_TARGET = 12.1;
				MTL_ENABLE_DEBUG_INFO = NO;
				MTL_FAST_MATH = YES;
				SDKROOT = iphoneos;
				SWIFT_COMPILATION_MODE = wholemodule;
				SWIFT_OPTIMIZATION_LEVEL = "-O";
				VALIDATE_PRODUCT = YES;
			};
			name = Release;
		};
		E142660922421C06006399D2 /* Debug */ = {
			isa = XCBuildConfiguration;
			buildSettings = {
				ASSETCATALOG_COMPILER_APPICON_NAME = AppIcon;
				CODE_SIGN_STYLE = Automatic;
				DEVELOPMENT_TEAM = DKF5N7ADSC;
				INFOPLIST_FILE = JourneyPlanner/Info.plist;
				LD_RUNPATH_SEARCH_PATHS = (
					"$(inherited)",
					"@executable_path/Frameworks",
				);
				PRODUCT_BUNDLE_IDENTIFIER = com.JourneyPlanner;
				PRODUCT_NAME = "$(TARGET_NAME)";
				SWIFT_VERSION = 4.2;
				TARGETED_DEVICE_FAMILY = 1;
			};
			name = Debug;
		};
		E142660A22421C06006399D2 /* Release */ = {
			isa = XCBuildConfiguration;
			buildSettings = {
				ASSETCATALOG_COMPILER_APPICON_NAME = AppIcon;
				CODE_SIGN_STYLE = Automatic;
				DEVELOPMENT_TEAM = DKF5N7ADSC;
				INFOPLIST_FILE = JourneyPlanner/Info.plist;
				LD_RUNPATH_SEARCH_PATHS = (
					"$(inherited)",
					"@executable_path/Frameworks",
				);
				PRODUCT_BUNDLE_IDENTIFIER = com.JourneyPlanner;
				PRODUCT_NAME = "$(TARGET_NAME)";
				SWIFT_VERSION = 4.2;
				TARGETED_DEVICE_FAMILY = 1;
			};
			name = Release;
		};
/* End XCBuildConfiguration section */

/* Begin XCConfigurationList section */
		E14265EF22421C05006399D2 /* Build configuration list for PBXProject "JourneyPlanner" */ = {
			isa = XCConfigurationList;
			buildConfigurations = (
				E142660622421C06006399D2 /* Debug */,
				E142660722421C06006399D2 /* Release */,
			);
			defaultConfigurationIsVisible = 0;
			defaultConfigurationName = Release;
		};
		E142660822421C06006399D2 /* Build configuration list for PBXNativeTarget "JourneyPlanner" */ = {
			isa = XCConfigurationList;
			buildConfigurations = (
				E142660922421C06006399D2 /* Debug */,
				E142660A22421C06006399D2 /* Release */,
			);
			defaultConfigurationIsVisible = 0;
			defaultConfigurationName = Release;
		};
/* End XCConfigurationList section */
	};
	rootObject = E14265EC22421C05006399D2 /* Project object */;
}
